// !$*UTF8*$!
{
	archiveVersion = 1;
	classes = {
	};
	objectVersion = 46;
	objects = {

/* Begin PBXBuildFile section */
		A40F7B3F1B2FD8D8005F57A3 /* Visual_Novel.m in Sources */ = {isa = PBXBuildFile; fileRef = A40F7B3E1B2FD8D8005F57A3 /* Visual_Novel.m */; };
		A40F7B451B2FD8D8005F57A3 /* libVisual Novel.a in Frameworks */ = {isa = PBXBuildFile; fileRef = A40F7B391B2FD8D8005F57A3 /* libVisual Novel.a */; };
		A40F7B591B2FF0A4005F57A3 /* StoryWithReader.m in Sources */ = {isa = PBXBuildFile; fileRef = A40F7B581B2FF0A4005F57A3 /* StoryWithReader.m */; };
		A466AC0B1B30C8C8002CFC06 /* PStoryPage.h in CopyFiles */ = {isa = PBXBuildFile; fileRef = A466AC091B30C898002CFC06 /* PStoryPage.h */; };
		A466AC0C1B30C8C8002CFC06 /* Visual_Novel.h in CopyFiles */ = {isa = PBXBuildFile; fileRef = A40F7B3C1B2FD8D8005F57A3 /* Visual_Novel.h */; };
		A466AC0D1B30C8C8002CFC06 /* Visual_Novel.m in CopyFiles */ = {isa = PBXBuildFile; fileRef = A40F7B3E1B2FD8D8005F57A3 /* Visual_Novel.m */; };
		A466AC0E1B30C8C8002CFC06 /* PStory.h in CopyFiles */ = {isa = PBXBuildFile; fileRef = A40F7B551B2FE153005F57A3 /* PStory.h */; };
		A466AC0F1B30C8C8002CFC06 /* PStoryReader.h in CopyFiles */ = {isa = PBXBuildFile; fileRef = A40F7B561B2FEDD4005F57A3 /* PStoryReader.h */; };
		A466AC101B30C8C8002CFC06 /* StoryWithReader.h in CopyFiles */ = {isa = PBXBuildFile; fileRef = A40F7B571B2FF0A4005F57A3 /* StoryWithReader.h */; };
/* End PBXBuildFile section */

/* Begin PBXContainerItemProxy section */
		A40F7B461B2FD8D8005F57A3 /* PBXContainerItemProxy */ = {
			isa = PBXContainerItemProxy;
			containerPortal = A40F7B311B2FD8D8005F57A3 /* Project object */;
			proxyType = 1;
			remoteGlobalIDString = A40F7B381B2FD8D8005F57A3;
			remoteInfo = "Visual Novel";
		};
/* End PBXContainerItemProxy section */

/* Begin PBXCopyFilesBuildPhase section */
		A40F7B371B2FD8D8005F57A3 /* CopyFiles */ = {
			isa = PBXCopyFilesBuildPhase;
			buildActionMask = 2147483647;
			dstPath = "include/$(PRODUCT_NAME)";
			dstSubfolderSpec = 16;
			files = (
				A466AC0B1B30C8C8002CFC06 /* PStoryPage.h in CopyFiles */,
				A466AC0C1B30C8C8002CFC06 /* Visual_Novel.h in CopyFiles */,
				A466AC0D1B30C8C8002CFC06 /* Visual_Novel.m in CopyFiles */,
				A466AC0E1B30C8C8002CFC06 /* PStory.h in CopyFiles */,
				A466AC0F1B30C8C8002CFC06 /* PStoryReader.h in CopyFiles */,
				A466AC101B30C8C8002CFC06 /* StoryWithReader.h in CopyFiles */,
			);
			runOnlyForDeploymentPostprocessing = 0;
		};
/* End PBXCopyFilesBuildPhase section */

/* Begin PBXFileReference section */
		A40F7B391B2FD8D8005F57A3 /* libVisual Novel.a */ = {isa = PBXFileReference; explicitFileType = archive.ar; includeInIndex = 0; path = "libVisual Novel.a"; sourceTree = BUILT_PRODUCTS_DIR; };
		A40F7B3C1B2FD8D8005F57A3 /* Visual_Novel.h */ = {isa = PBXFileReference; lastKnownFileType = sourcecode.c.h; path = Visual_Novel.h; sourceTree = "<group>"; };
		A40F7B3E1B2FD8D8005F57A3 /* Visual_Novel.m */ = {isa = PBXFileReference; lastKnownFileType = sourcecode.c.objc; path = Visual_Novel.m; sourceTree = "<group>"; };
		A40F7B441B2FD8D8005F57A3 /* Visual NovelTests.xctest */ = {isa = PBXFileReference; explicitFileType = wrapper.cfbundle; includeInIndex = 0; path = "Visual NovelTests.xctest"; sourceTree = BUILT_PRODUCTS_DIR; };
		A40F7B4A1B2FD8D8005F57A3 /* Info.plist */ = {isa = PBXFileReference; lastKnownFileType = text.plist.xml; path = Info.plist; sourceTree = "<group>"; };
		A40F7B551B2FE153005F57A3 /* PStory.h */ = {isa = PBXFileReference; fileEncoding = 4; lastKnownFileType = sourcecode.c.h; path = PStory.h; sourceTree = "<group>"; };
		A40F7B561B2FEDD4005F57A3 /* PStoryReader.h */ = {isa = PBXFileReference; fileEncoding = 4; lastKnownFileType = sourcecode.c.h; path = PStoryReader.h; sourceTree = "<group>"; };
		A40F7B571B2FF0A4005F57A3 /* StoryWithReader.h */ = {isa = PBXFileReference; fileEncoding = 4; lastKnownFileType = sourcecode.c.h; path = StoryWithReader.h; sourceTree = "<group>"; };
		A40F7B581B2FF0A4005F57A3 /* StoryWithReader.m */ = {isa = PBXFileReference; fileEncoding = 4; lastKnownFileType = sourcecode.c.objc; path = StoryWithReader.m; sourceTree = "<group>"; };
		A466AC091B30C898002CFC06 /* PStoryPage.h */ = {isa = PBXFileReference; fileEncoding = 4; lastKnownFileType = sourcecode.c.h; path = PStoryPage.h; sourceTree = "<group>"; };
/* End PBXFileReference section */

/* Begin PBXFrameworksBuildPhase section */
		A40F7B361B2FD8D8005F57A3 /* Frameworks */ = {
			isa = PBXFrameworksBuildPhase;
			buildActionMask = 2147483647;
			files = (
			);
			runOnlyForDeploymentPostprocessing = 0;
		};
		A40F7B411B2FD8D8005F57A3 /* Frameworks */ = {
			isa = PBXFrameworksBuildPhase;
			buildActionMask = 2147483647;
			files = (
				A40F7B451B2FD8D8005F57A3 /* libVisual Novel.a in Frameworks */,
			);
			runOnlyForDeploymentPostprocessing = 0;
		};
/* End PBXFrameworksBuildPhase section */

/* Begin PBXGroup section */
		A40F7B301B2FD8D8005F57A3 = {
			isa = PBXGroup;
			children = (
				A40F7B3B1B2FD8D8005F57A3 /* Visual Novel */,
				A40F7B481B2FD8D8005F57A3 /* Visual NovelTests */,
				A40F7B3A1B2FD8D8005F57A3 /* Products */,
			);
			sourceTree = "<group>";
		};
		A40F7B3A1B2FD8D8005F57A3 /* Products */ = {
			isa = PBXGroup;
			children = (
				A40F7B391B2FD8D8005F57A3 /* libVisual Novel.a */,
				A40F7B441B2FD8D8005F57A3 /* Visual NovelTests.xctest */,
			);
			name = Products;
			sourceTree = "<group>";
		};
		A40F7B3B1B2FD8D8005F57A3 /* Visual Novel */ = {
			isa = PBXGroup;
			children = (
				A466AC091B30C898002CFC06 /* PStoryPage.h */,
				A40F7B3C1B2FD8D8005F57A3 /* Visual_Novel.h */,
				A40F7B3E1B2FD8D8005F57A3 /* Visual_Novel.m */,
				A40F7B551B2FE153005F57A3 /* PStory.h */,
				A40F7B561B2FEDD4005F57A3 /* PStoryReader.h */,
				A40F7B571B2FF0A4005F57A3 /* StoryWithReader.h */,
				A40F7B581B2FF0A4005F57A3 /* StoryWithReader.m */,
			);
			path = "Visual Novel";
			sourceTree = "<group>";
		};
		A40F7B481B2FD8D8005F57A3 /* Visual NovelTests */ = {
			isa = PBXGroup;
			children = (
				A40F7B491B2FD8D8005F57A3 /* Supporting Files */,
			);
			path = "Visual NovelTests";
			sourceTree = "<group>";
		};
		A40F7B491B2FD8D8005F57A3 /* Supporting Files */ = {
			isa = PBXGroup;
			children = (
				A40F7B4A1B2FD8D8005F57A3 /* Info.plist */,
			);
			name = "Supporting Files";
			sourceTree = "<group>";
		};
/* End PBXGroup section */

/* Begin PBXNativeTarget section */
		A40F7B381B2FD8D8005F57A3 /* Visual Novel */ = {
			isa = PBXNativeTarget;
			buildConfigurationList = A40F7B4D1B2FD8D8005F57A3 /* Build configuration list for PBXNativeTarget "Visual Novel" */;
			buildPhases = (
				A40F7B351B2FD8D8005F57A3 /* Sources */,
				A40F7B361B2FD8D8005F57A3 /* Frameworks */,
				A40F7B371B2FD8D8005F57A3 /* CopyFiles */,
			);
			buildRules = (
			);
			dependencies = (
			);
			name = "Visual Novel";
			productName = "Visual Novel";
			productReference = A40F7B391B2FD8D8005F57A3 /* libVisual Novel.a */;
			productType = "com.apple.product-type.library.static";
		};
		A40F7B431B2FD8D8005F57A3 /* Visual NovelTests */ = {
			isa = PBXNativeTarget;
			buildConfigurationList = A40F7B501B2FD8D8005F57A3 /* Build configuration list for PBXNativeTarget "Visual NovelTests" */;
			buildPhases = (
				A40F7B401B2FD8D8005F57A3 /* Sources */,
				A40F7B411B2FD8D8005F57A3 /* Frameworks */,
				A40F7B421B2FD8D8005F57A3 /* Resources */,
			);
			buildRules = (
			);
			dependencies = (
				A40F7B471B2FD8D8005F57A3 /* PBXTargetDependency */,
			);
			name = "Visual NovelTests";
			productName = "Visual NovelTests";
			productReference = A40F7B441B2FD8D8005F57A3 /* Visual NovelTests.xctest */;
			productType = "com.apple.product-type.bundle.unit-test";
		};
/* End PBXNativeTarget section */

/* Begin PBXProject section */
		A40F7B311B2FD8D8005F57A3 /* Project object */ = {
			isa = PBXProject;
			attributes = {
				LastUpgradeCheck = 0630;
				ORGANIZATIONNAME = "Christopher Raleigh";
				TargetAttributes = {
					A40F7B381B2FD8D8005F57A3 = {
						CreatedOnToolsVersion = 6.3.2;
					};
					A40F7B431B2FD8D8005F57A3 = {
						CreatedOnToolsVersion = 6.3.2;
					};
				};
			};
			buildConfigurationList = A40F7B341B2FD8D8005F57A3 /* Build configuration list for PBXProject "Visual Novel" */;
			compatibilityVersion = "Xcode 3.2";
			developmentRegion = English;
			hasScannedForEncodings = 0;
			knownRegions = (
				en,
			);
			mainGroup = A40F7B301B2FD8D8005F57A3;
			productRefGroup = A40F7B3A1B2FD8D8005F57A3 /* Products */;
			projectDirPath = "";
			projectRoot = "";
			targets = (
				A40F7B381B2FD8D8005F57A3 /* Visual Novel */,
				A40F7B431B2FD8D8005F57A3 /* Visual NovelTests */,
			);
		};
/* End PBXProject section */

/* Begin PBXResourcesBuildPhase section */
		A40F7B421B2FD8D8005F57A3 /* Resources */ = {
			isa = PBXResourcesBuildPhase;
			buildActionMask = 2147483647;
			files = (
			);
			runOnlyForDeploymentPostprocessing = 0;
		};
/* End PBXResourcesBuildPhase section */

/* Begin PBXSourcesBuildPhase section */
		A40F7B351B2FD8D8005F57A3 /* Sources */ = {
			isa = PBXSourcesBuildPhase;
			buildActionMask = 2147483647;
			files = (
				A40F7B591B2FF0A4005F57A3 /* StoryWithReader.m in Sources */,
				A40F7B3F1B2FD8D8005F57A3 /* Visual_Novel.m in Sources */,
			);
			runOnlyForDeploymentPostprocessing = 0;
		};
		A40F7B401B2FD8D8005F57A3 /* Sources */ = {
			isa = PBXSourcesBuildPhase;
			buildActionMask = 2147483647;
			files = (
			);
			runOnlyForDeploymentPostprocessing = 0;
		};
/* End PBXSourcesBuildPhase section */

/* Begin PBXTargetDependency section */
		A40F7B471B2FD8D8005F57A3 /* PBXTargetDependency */ = {
			isa = PBXTargetDependency;
			target = A40F7B381B2FD8D8005F57A3 /* Visual Novel */;
			targetProxy = A40F7B461B2FD8D8005F57A3 /* PBXContainerItemProxy */;
		};
/* End PBXTargetDependency section */

/* Begin XCBuildConfiguration section */
		A40F7B4B1B2FD8D8005F57A3 /* Debug */ = {
			isa = XCBuildConfiguration;
			buildSettings = {
				ALWAYS_SEARCH_USER_PATHS = NO;
				CLANG_CXX_LANGUAGE_STANDARD = "c++14";
				CLANG_CXX_LIBRARY = "libc++";
				CLANG_ENABLE_MODULES = YES;
				CLANG_ENABLE_OBJC_ARC = YES;
				CLANG_WARN_BOOL_CONVERSION = YES;
				CLANG_WARN_CONSTANT_CONVERSION = YES;
				CLANG_WARN_DIRECT_OBJC_ISA_USAGE = YES_ERROR;
				CLANG_WARN_EMPTY_BODY = YES;
				CLANG_WARN_ENUM_CONVERSION = YES;
				CLANG_WARN_INT_CONVERSION = YES;
				CLANG_WARN_OBJC_ROOT_CLASS = YES_ERROR;
				CLANG_WARN_UNREACHABLE_CODE = YES;
				CLANG_WARN__DUPLICATE_METHOD_MATCH = YES;
				COPY_PHASE_STRIP = NO;
				DEBUG_INFORMATION_FORMAT = "dwarf-with-dsym";
				ENABLE_STRICT_OBJC_MSGSEND = YES;
				GCC_C_LANGUAGE_STANDARD = c11;
				GCC_DYNAMIC_NO_PIC = NO;
				GCC_NO_COMMON_BLOCKS = YES;
				GCC_OPTIMIZATION_LEVEL = 0;
				GCC_PREPROCESSOR_DEFINITIONS = (
					"DEBUG=1",
					"$(inherited)",
				);
				GCC_SYMBOLS_PRIVATE_EXTERN = NO;
				GCC_WARN_64_TO_32_BIT_CONVERSION = YES;
				GCC_WARN_ABOUT_RETURN_TYPE = YES_ERROR;
				GCC_WARN_UNDECLARED_SELECTOR = YES;
				GCC_WARN_UNINITIALIZED_AUTOS = YES_AGGRESSIVE;
				GCC_WARN_UNUSED_FUNCTION = YES;
				GCC_WARN_UNUSED_VARIABLE = YES;
				IPHONEOS_DEPLOYMENT_TARGET = 5.0;
				MTL_ENABLE_DEBUG_INFO = YES;
				ONLY_ACTIVE_ARCH = YES;
				SDKROOT = iphoneos;
			};
			name = Debug;
		};
		A40F7B4C1B2FD8D8005F57A3 /* Release */ = {
			isa = XCBuildConfiguration;
			buildSettings = {
				ALWAYS_SEARCH_USER_PATHS = NO;
				CLANG_CXX_LANGUAGE_STANDARD = "c++14";
				CLANG_CXX_LIBRARY = "libc++";
				CLANG_ENABLE_MODULES = YES;
				CLANG_ENABLE_OBJC_ARC = YES;
				CLANG_WARN_BOOL_CONVERSION = YES;
				CLANG_WARN_CONSTANT_CONVERSION = YES;
				CLANG_WARN_DIRECT_OBJC_ISA_USAGE = YES_ERROR;
				CLANG_WARN_EMPTY_BODY = YES;
				CLANG_WARN_ENUM_CONVERSION = YES;
				CLANG_WARN_INT_CONVERSION = YES;
				CLANG_WARN_OBJC_ROOT_CLASS = YES_ERROR;
				CLANG_WARN_UNREACHABLE_CODE = YES;
				CLANG_WARN__DUPLICATE_METHOD_MATCH = YES;
				COPY_PHASE_STRIP = NO;
				DEBUG_INFORMATION_FORMAT = "dwarf-with-dsym";
				ENABLE_NS_ASSERTIONS = NO;
				ENABLE_STRICT_OBJC_MSGSEND = YES;
				GCC_C_LANGUAGE_STANDARD = c11;
				GCC_NO_COMMON_BLOCKS = YES;
				GCC_WARN_64_TO_32_BIT_CONVERSION = YES;
				GCC_WARN_ABOUT_RETURN_TYPE = YES_ERROR;
				GCC_WARN_UNDECLARED_SELECTOR = YES;
				GCC_WARN_UNINITIALIZED_AUTOS = YES_AGGRESSIVE;
				GCC_WARN_UNUSED_FUNCTION = YES;
				GCC_WARN_UNUSED_VARIABLE = YES;
				IPHONEOS_DEPLOYMENT_TARGET = 5.0;
				MTL_ENABLE_DEBUG_INFO = NO;
				SDKROOT = iphoneos;
				VALIDATE_PRODUCT = YES;
			};
			name = Release;
		};
		A40F7B4E1B2FD8D8005F57A3 /* Debug */ = {
			isa = XCBuildConfiguration;
			buildSettings = {
				OTHER_LDFLAGS = "-ObjC";
				PRODUCT_NAME = "$(TARGET_NAME)";
				SKIP_INSTALL = YES;
			};
			name = Debug;
		};
		A40F7B4F1B2FD8D8005F57A3 /* Release */ = {
			isa = XCBuildConfiguration;
			buildSettings = {
				OTHER_LDFLAGS = "-ObjC";
				PRODUCT_NAME = "$(TARGET_NAME)";
				SKIP_INSTALL = YES;
			};
			name = Release;
		};
		A40F7B511B2FD8D8005F57A3 /* Debug */ = {
			isa = XCBuildConfiguration;
			buildSettings = {
				"CODE_SIGN_IDENTITY[sdk=iphoneos*]" = "iPhone Developer";
				FRAMEWORK_SEARCH_PATHS = (
					"$(SDKROOT)/Developer/Library/Frameworks",
					"$(inherited)",
				);
				GCC_PREPROCESSOR_DEFINITIONS = (
					"DEBUG=1",
					"$(inherited)",
				);
				INFOPLIST_FILE = "Visual NovelTests/Info.plist";
				LD_RUNPATH_SEARCH_PATHS = "$(inherited) @executable_path/Frameworks @loader_path/Frameworks";
				PRODUCT_NAME = "$(TARGET_NAME)";
			};
			name = Debug;
		};
		A40F7B521B2FD8D8005F57A3 /* Release */ = {
			isa = XCBuildConfiguration;
			buildSettings = {
				"CODE_SIGN_IDENTITY[sdk=iphoneos*]" = "iPhone Developer";
				FRAMEWORK_SEARCH_PATHS = (
					"$(SDKROOT)/Developer/Library/Frameworks",
					"$(inherited)",
				);
				INFOPLIST_FILE = "Visual NovelTests/Info.plist";
				LD_RUNPATH_SEARCH_PATHS = "$(inherited) @executable_path/Frameworks @loader_path/Frameworks";
				PRODUCT_NAME = "$(TARGET_NAME)";
			};
			name = Release;
		};
/* End XCBuildConfiguration section */

/* Begin XCConfigurationList section */
		A40F7B341B2FD8D8005F57A3 /* Build configuration list for PBXProject "Visual Novel" */ = {
			isa = XCConfigurationList;
			buildConfigurations = (
				A40F7B4B1B2FD8D8005F57A3 /* Debug */,
				A40F7B4C1B2FD8D8005F57A3 /* Release */,
			);
			defaultConfigurationIsVisible = 0;
			defaultConfigurationName = Release;
		};
		A40F7B4D1B2FD8D8005F57A3 /* Build configuration list for PBXNativeTarget "Visual Novel" */ = {
			isa = XCConfigurationList;
			buildConfigurations = (
				A40F7B4E1B2FD8D8005F57A3 /* Debug */,
				A40F7B4F1B2FD8D8005F57A3 /* Release */,
			);
			defaultConfigurationIsVisible = 0;
			defaultConfigurationName = Release;
		};
		A40F7B501B2FD8D8005F57A3 /* Build configuration list for PBXNativeTarget "Visual NovelTests" */ = {
			isa = XCConfigurationList;
			buildConfigurations = (
				A40F7B511B2FD8D8005F57A3 /* Debug */,
				A40F7B521B2FD8D8005F57A3 /* Release */,
			);
			defaultConfigurationIsVisible = 0;
			defaultConfigurationName = Release;
		};
/* End XCConfigurationList section */
	};
	rootObject = A40F7B311B2FD8D8005F57A3 /* Project object */;
}
