// !$*UTF8*$!
{
	archiveVersion = 1;
	classes = {
	};
	objectVersion = 46;
	objects = {

/* Begin PBXBuildFile section */
		A403B6381C4B2F7600C06871 /* AppDelegate.swift in Sources */ = {isa = PBXBuildFile; fileRef = A403B6371C4B2F7600C06871 /* AppDelegate.swift */; };
		A403B63A1C4B2F7600C06871 /* Assets.xcassets in Resources */ = {isa = PBXBuildFile; fileRef = A403B6391C4B2F7600C06871 /* Assets.xcassets */; };
		A403B63D1C4B2F7600C06871 /* MainMenu.xib in Resources */ = {isa = PBXBuildFile; fileRef = A403B63B1C4B2F7600C06871 /* MainMenu.xib */; };
		A403B6461C4B319F00C06871 /* GameKit.framework in Frameworks */ = {isa = PBXBuildFile; fileRef = A403B6451C4B319F00C06871 /* GameKit.framework */; };
		A43919D01C5084B900D2B231 /* StoryText.strings in Resources */ = {isa = PBXBuildFile; fileRef = A43919891C5084B900D2B231 /* StoryText.strings */; };
		A43919D21C5084B900D2B231 /* AchievementManager.swift in Sources */ = {isa = PBXBuildFile; fileRef = A439198B1C5084B900D2B231 /* AchievementManager.swift */; };
		A43919D31C5084B900D2B231 /* POTWChapter18.swift in Sources */ = {isa = PBXBuildFile; fileRef = A439198C1C5084B900D2B231 /* POTWChapter18.swift */; };
		A43919D41C5084B900D2B231 /* POTWChapter17.swift in Sources */ = {isa = PBXBuildFile; fileRef = A439198D1C5084B900D2B231 /* POTWChapter17.swift */; };
		A43919D51C5084B900D2B231 /* POTWChapter16.swift in Sources */ = {isa = PBXBuildFile; fileRef = A439198E1C5084B900D2B231 /* POTWChapter16.swift */; };
		A43919D61C5084B900D2B231 /* POTWChapter15.swift in Sources */ = {isa = PBXBuildFile; fileRef = A439198F1C5084B900D2B231 /* POTWChapter15.swift */; };
		A43919D71C5084B900D2B231 /* POTWChapter14.swift in Sources */ = {isa = PBXBuildFile; fileRef = A43919901C5084B900D2B231 /* POTWChapter14.swift */; };
		A43919D81C5084B900D2B231 /* POTWChapter13.swift in Sources */ = {isa = PBXBuildFile; fileRef = A43919911C5084B900D2B231 /* POTWChapter13.swift */; };
		A43919D91C5084B900D2B231 /* POTWChapter12.swift in Sources */ = {isa = PBXBuildFile; fileRef = A43919921C5084B900D2B231 /* POTWChapter12.swift */; };
		A43919DA1C5084B900D2B231 /* POTWChapter11.swift in Sources */ = {isa = PBXBuildFile; fileRef = A43919931C5084B900D2B231 /* POTWChapter11.swift */; };
		A43919DB1C5084B900D2B231 /* POTWChapter10.swift in Sources */ = {isa = PBXBuildFile; fileRef = A43919941C5084B900D2B231 /* POTWChapter10.swift */; };
		A43919DC1C5084B900D2B231 /* POTWChapter7.swift in Sources */ = {isa = PBXBuildFile; fileRef = A43919951C5084B900D2B231 /* POTWChapter7.swift */; };
		A43919DD1C5084B900D2B231 /* POTWChapter9.swift in Sources */ = {isa = PBXBuildFile; fileRef = A43919961C5084B900D2B231 /* POTWChapter9.swift */; };
		A43919DE1C5084B900D2B231 /* POTWChapter8.swift in Sources */ = {isa = PBXBuildFile; fileRef = A43919971C5084B900D2B231 /* POTWChapter8.swift */; };
		A43919DF1C5084B900D2B231 /* POTWChapter6.swift in Sources */ = {isa = PBXBuildFile; fileRef = A43919981C5084B900D2B231 /* POTWChapter6.swift */; };
		A43919E01C5084B900D2B231 /* POTWChapter5.swift in Sources */ = {isa = PBXBuildFile; fileRef = A43919991C5084B900D2B231 /* POTWChapter5.swift */; };
		A43919E11C5084B900D2B231 /* POTWChapter4.swift in Sources */ = {isa = PBXBuildFile; fileRef = A439199A1C5084B900D2B231 /* POTWChapter4.swift */; };
		A43919E21C5084B900D2B231 /* POTWChapter3.swift in Sources */ = {isa = PBXBuildFile; fileRef = A439199B1C5084B900D2B231 /* POTWChapter3.swift */; };
		A43919E31C5084B900D2B231 /* POTWChapter2.swift in Sources */ = {isa = PBXBuildFile; fileRef = A439199C1C5084B900D2B231 /* POTWChapter2.swift */; };
		A43919E41C5084B900D2B231 /* POTWChapter1.swift in Sources */ = {isa = PBXBuildFile; fileRef = A439199D1C5084B900D2B231 /* POTWChapter1.swift */; };
		A43919E61C5084B900D2B231 /* StoryPage.swift in Sources */ = {isa = PBXBuildFile; fileRef = A439199F1C5084B900D2B231 /* StoryPage.swift */; };
		A43919E71C5084B900D2B231 /* MainOptionsMenu.swift in Sources */ = {isa = PBXBuildFile; fileRef = A43919A01C5084B900D2B231 /* MainOptionsMenu.swift */; };
		A43919E81C5084B900D2B231 /* PlayTutorial.swift in Sources */ = {isa = PBXBuildFile; fileRef = A43919A11C5084B900D2B231 /* PlayTutorial.swift */; };
		A43919E91C5084B900D2B231 /* GUIElements.strings in Resources */ = {isa = PBXBuildFile; fileRef = A43919A21C5084B900D2B231 /* GUIElements.strings */; };
		A43919EA1C5084B900D2B231 /* Info.plist in Resources */ = {isa = PBXBuildFile; fileRef = A43919A31C5084B900D2B231 /* Info.plist */; };
		A43919EB1C5084B900D2B231 /* StoryViewController.swift in Sources */ = {isa = PBXBuildFile; fileRef = A43919A41C5084B900D2B231 /* StoryViewController.swift */; };
		A43919EC1C5084B900D2B231 /* SaveManager.swift in Sources */ = {isa = PBXBuildFile; fileRef = A43919A51C5084B900D2B231 /* SaveManager.swift */; };
		A43919ED1C5084B900D2B231 /* StoryImages.xcassets in Resources */ = {isa = PBXBuildFile; fileRef = A43919A61C5084B900D2B231 /* StoryImages.xcassets */; };
		A43919EE1C5084B900D2B231 /* PhantomOfTheWest.swift in Sources */ = {isa = PBXBuildFile; fileRef = A43919A71C5084B900D2B231 /* PhantomOfTheWest.swift */; };
		A43919EF1C5084B900D2B231 /* POTWGameState.swift in Sources */ = {isa = PBXBuildFile; fileRef = A43919A81C5084B900D2B231 /* POTWGameState.swift */; };
		A43919F01C5084B900D2B231 /* PPageTurner.swift in Sources */ = {isa = PBXBuildFile; fileRef = A43919A91C5084B900D2B231 /* PPageTurner.swift */; };
		A43919F11C5084B900D2B231 /* CharacterVoices.swift in Sources */ = {isa = PBXBuildFile; fileRef = A43919AA1C5084B900D2B231 /* CharacterVoices.swift */; };
		A43919F31C5084B900D2B231 /* Bookmark.swift in Sources */ = {isa = PBXBuildFile; fileRef = A43919AC1C5084B900D2B231 /* Bookmark.swift */; };
		A43919F41C5084B900D2B231 /* ViewController.swift in Sources */ = {isa = PBXBuildFile; fileRef = A43919AD1C5084B900D2B231 /* ViewController.swift */; };
		A43919F51C5084B900D2B231 /* StoryPageVoiced.swift in Sources */ = {isa = PBXBuildFile; fileRef = A43919AE1C5084B900D2B231 /* StoryPageVoiced.swift */; };
		A43919F61C5084B900D2B231 /* VoiceOption.swift in Sources */ = {isa = PBXBuildFile; fileRef = A43919AF1C5084B900D2B231 /* VoiceOption.swift */; };
		A43919F71C5084B900D2B231 /* SavedGameItem.swift in Sources */ = {isa = PBXBuildFile; fileRef = A43919B01C5084B900D2B231 /* SavedGameItem.swift */; };
		A43919F81C5084B900D2B231 /* PStoryPage.swift in Sources */ = {isa = PBXBuildFile; fileRef = A43919B11C5084B900D2B231 /* PStoryPage.swift */; };
		A43919FB1C5084B900D2B231 /* ManualSave.swift in Sources */ = {isa = PBXBuildFile; fileRef = A43919B41C5084B900D2B231 /* ManualSave.swift */; };
		A43919FC1C5084B900D2B231 /* PSaveManagerObserver.swift in Sources */ = {isa = PBXBuildFile; fileRef = A43919B51C5084B900D2B231 /* PSaveManagerObserver.swift */; };
		A43919FE1C5084B900D2B231 /* OptionsMenu.swift in Sources */ = {isa = PBXBuildFile; fileRef = A43919B71C5084B900D2B231 /* OptionsMenu.swift */; };
		A43919FF1C5084B900D2B231 /* POptionsMenuItem.swift in Sources */ = {isa = PBXBuildFile; fileRef = A43919B81C5084B900D2B231 /* POptionsMenuItem.swift */; };
		A4391A011C5084B900D2B231 /* OverwritableSavedGameItem.swift in Sources */ = {isa = PBXBuildFile; fileRef = A43919BA1C5084B900D2B231 /* OverwritableSavedGameItem.swift */; };
		A4391A021C5084B900D2B231 /* LoadableSavedGameItem.swift in Sources */ = {isa = PBXBuildFile; fileRef = A43919BB1C5084B900D2B231 /* LoadableSavedGameItem.swift */; };
		A4391A031C5084B900D2B231 /* PSavedGamesRetriever.swift in Sources */ = {isa = PBXBuildFile; fileRef = A43919BC1C5084B900D2B231 /* PSavedGamesRetriever.swift */; };
		A4391A051C5084B900D2B231 /* PStoryPageListObserver.swift in Sources */ = {isa = PBXBuildFile; fileRef = A43919BE1C5084B900D2B231 /* PStoryPageListObserver.swift */; };
		A4391A061C5084B900D2B231 /* EventFlagsCollection.swift in Sources */ = {isa = PBXBuildFile; fileRef = A43919BF1C5084B900D2B231 /* EventFlagsCollection.swift */; };
		A4391A071C5084B900D2B231 /* StoryText.swift in Sources */ = {isa = PBXBuildFile; fileRef = A43919C01C5084B900D2B231 /* StoryText.swift */; };
		A4391A081C5084B900D2B231 /* AutoSave.swift in Sources */ = {isa = PBXBuildFile; fileRef = A43919C11C5084B900D2B231 /* AutoSave.swift */; };
		A4391A091C5084B900D2B231 /* StoryImage.swift in Sources */ = {isa = PBXBuildFile; fileRef = A43919C21C5084B900D2B231 /* StoryImage.swift */; };
		A4391A0B1C5084B900D2B231 /* SavedGamesList.swift in Sources */ = {isa = PBXBuildFile; fileRef = A43919C41C5084B900D2B231 /* SavedGamesList.swift */; };
		A4391A0C1C5084B900D2B231 /* NewGame.swift in Sources */ = {isa = PBXBuildFile; fileRef = A43919C51C5084B900D2B231 /* NewGame.swift */; };
		A4391A0D1C5084B900D2B231 /* PSavedGame.swift in Sources */ = {isa = PBXBuildFile; fileRef = A43919C61C5084B900D2B231 /* PSavedGame.swift */; };
		A4391A0E1C5084B900D2B231 /* StringLocalizer.swift in Sources */ = {isa = PBXBuildFile; fileRef = A43919C71C5084B900D2B231 /* StringLocalizer.swift */; };
		A4391A0F1C5084B900D2B231 /* PSavedGameLoader.swift in Sources */ = {isa = PBXBuildFile; fileRef = A43919C81C5084B900D2B231 /* PSavedGameLoader.swift */; };
		A4391A101C5084B900D2B231 /* Constants.swift in Sources */ = {isa = PBXBuildFile; fileRef = A43919C91C5084B900D2B231 /* Constants.swift */; };
		A4391A111C5084B900D2B231 /* PConstraintsChanger.swift in Sources */ = {isa = PBXBuildFile; fileRef = A43919CA1C5084B900D2B231 /* PConstraintsChanger.swift */; };
		A4391A131C5084B900D2B231 /* PStory.swift in Sources */ = {isa = PBXBuildFile; fileRef = A43919CC1C5084B900D2B231 /* PStory.swift */; };
		A4391A141C5084B900D2B231 /* PStoryObserver.swift in Sources */ = {isa = PBXBuildFile; fileRef = A43919CD1C5084B900D2B231 /* PStoryObserver.swift */; };
		A4391A151C5084B900D2B231 /* StoryPageList.swift in Sources */ = {isa = PBXBuildFile; fileRef = A43919CE1C5084B900D2B231 /* StoryPageList.swift */; };
		A4391A161C5084B900D2B231 /* PNavigatorHandler.swift in Sources */ = {isa = PBXBuildFile; fileRef = A43919CF1C5084B900D2B231 /* PNavigatorHandler.swift */; };
		A4391A191C50912B00D2B231 /* StoryView.swift in Sources */ = {isa = PBXBuildFile; fileRef = A4391A181C50912B00D2B231 /* StoryView.swift */; };
		A4391A1B1C5091C500D2B231 /* POTWChapter0.swift in Sources */ = {isa = PBXBuildFile; fileRef = A4391A1A1C5091C500D2B231 /* POTWChapter0.swift */; };
		A4391A1D1C509B4B00D2B231 /* AlertManager.swift in Sources */ = {isa = PBXBuildFile; fileRef = A4391A1C1C509B4B00D2B231 /* AlertManager.swift */; };
		A4391A1F1C509F2F00D2B231 /* StoryNavigator.swift in Sources */ = {isa = PBXBuildFile; fileRef = A4391A1E1C509F2F00D2B231 /* StoryNavigator.swift */; };
/* End PBXBuildFile section */

/* Begin PBXFileReference section */
		A403B6341C4B2F7600C06871 /* Phantom of the West.app */ = {isa = PBXFileReference; explicitFileType = wrapper.application; includeInIndex = 0; path = "Phantom of the West.app"; sourceTree = BUILT_PRODUCTS_DIR; };
		A403B6371C4B2F7600C06871 /* AppDelegate.swift */ = {isa = PBXFileReference; lastKnownFileType = sourcecode.swift; path = AppDelegate.swift; sourceTree = "<group>"; };
		A403B6391C4B2F7600C06871 /* Assets.xcassets */ = {isa = PBXFileReference; lastKnownFileType = folder.assetcatalog; path = Assets.xcassets; sourceTree = "<group>"; };
		A403B63C1C4B2F7600C06871 /* Base */ = {isa = PBXFileReference; lastKnownFileType = file.xib; name = Base; path = Base.lproj/MainMenu.xib; sourceTree = "<group>"; };
		A403B63E1C4B2F7600C06871 /* Info.plist */ = {isa = PBXFileReference; lastKnownFileType = text.plist.xml; path = Info.plist; sourceTree = "<group>"; };
		A403B6441C4B309200C06871 /* Phantom of the West.entitlements */ = {isa = PBXFileReference; lastKnownFileType = text.xml; path = "Phantom of the West.entitlements"; sourceTree = "<group>"; };
		A403B6451C4B319F00C06871 /* GameKit.framework */ = {isa = PBXFileReference; lastKnownFileType = wrapper.framework; name = GameKit.framework; path = System/Library/Frameworks/GameKit.framework; sourceTree = SDKROOT; };
		A43919891C5084B900D2B231 /* StoryText.strings */ = {isa = PBXFileReference; fileEncoding = 4; lastKnownFileType = text.plist.strings; name = StoryText.strings; path = "../../../XCode iOS Project/Phantom of the West/Phantom of the West/StoryText.strings"; sourceTree = "<group>"; };
		A439198B1C5084B900D2B231 /* AchievementManager.swift */ = {isa = PBXFileReference; fileEncoding = 4; lastKnownFileType = sourcecode.swift; name = AchievementManager.swift; path = "../../../XCode iOS Project/Phantom of the West/Phantom of the West/AchievementManager.swift"; sourceTree = "<group>"; };
		A439198C1C5084B900D2B231 /* POTWChapter18.swift */ = {isa = PBXFileReference; fileEncoding = 4; lastKnownFileType = sourcecode.swift; name = POTWChapter18.swift; path = "../../../XCode iOS Project/Phantom of the West/Phantom of the West/POTWChapter18.swift"; sourceTree = "<group>"; };
		A439198D1C5084B900D2B231 /* POTWChapter17.swift */ = {isa = PBXFileReference; fileEncoding = 4; lastKnownFileType = sourcecode.swift; name = POTWChapter17.swift; path = "../../../XCode iOS Project/Phantom of the West/Phantom of the West/POTWChapter17.swift"; sourceTree = "<group>"; };
		A439198E1C5084B900D2B231 /* POTWChapter16.swift */ = {isa = PBXFileReference; fileEncoding = 4; lastKnownFileType = sourcecode.swift; name = POTWChapter16.swift; path = "../../../XCode iOS Project/Phantom of the West/Phantom of the West/POTWChapter16.swift"; sourceTree = "<group>"; };
		A439198F1C5084B900D2B231 /* POTWChapter15.swift */ = {isa = PBXFileReference; fileEncoding = 4; lastKnownFileType = sourcecode.swift; name = POTWChapter15.swift; path = "../../../XCode iOS Project/Phantom of the West/Phantom of the West/POTWChapter15.swift"; sourceTree = "<group>"; };
		A43919901C5084B900D2B231 /* POTWChapter14.swift */ = {isa = PBXFileReference; fileEncoding = 4; lastKnownFileType = sourcecode.swift; name = POTWChapter14.swift; path = "../../../XCode iOS Project/Phantom of the West/Phantom of the West/POTWChapter14.swift"; sourceTree = "<group>"; };
		A43919911C5084B900D2B231 /* POTWChapter13.swift */ = {isa = PBXFileReference; fileEncoding = 4; lastKnownFileType = sourcecode.swift; name = POTWChapter13.swift; path = "../../../XCode iOS Project/Phantom of the West/Phantom of the West/POTWChapter13.swift"; sourceTree = "<group>"; };
		A43919921C5084B900D2B231 /* POTWChapter12.swift */ = {isa = PBXFileReference; fileEncoding = 4; lastKnownFileType = sourcecode.swift; name = POTWChapter12.swift; path = "../../../XCode iOS Project/Phantom of the West/Phantom of the West/POTWChapter12.swift"; sourceTree = "<group>"; };
		A43919931C5084B900D2B231 /* POTWChapter11.swift */ = {isa = PBXFileReference; fileEncoding = 4; lastKnownFileType = sourcecode.swift; name = POTWChapter11.swift; path = "../../../XCode iOS Project/Phantom of the West/Phantom of the West/POTWChapter11.swift"; sourceTree = "<group>"; };
		A43919941C5084B900D2B231 /* POTWChapter10.swift */ = {isa = PBXFileReference; fileEncoding = 4; lastKnownFileType = sourcecode.swift; name = POTWChapter10.swift; path = "../../../XCode iOS Project/Phantom of the West/Phantom of the West/POTWChapter10.swift"; sourceTree = "<group>"; };
		A43919951C5084B900D2B231 /* POTWChapter7.swift */ = {isa = PBXFileReference; fileEncoding = 4; lastKnownFileType = sourcecode.swift; name = POTWChapter7.swift; path = "../../../XCode iOS Project/Phantom of the West/Phantom of the West/POTWChapter7.swift"; sourceTree = "<group>"; };
		A43919961C5084B900D2B231 /* POTWChapter9.swift */ = {isa = PBXFileReference; fileEncoding = 4; lastKnownFileType = sourcecode.swift; name = POTWChapter9.swift; path = "../../../XCode iOS Project/Phantom of the West/Phantom of the West/POTWChapter9.swift"; sourceTree = "<group>"; };
		A43919971C5084B900D2B231 /* POTWChapter8.swift */ = {isa = PBXFileReference; fileEncoding = 4; lastKnownFileType = sourcecode.swift; name = POTWChapter8.swift; path = "../../../XCode iOS Project/Phantom of the West/Phantom of the West/POTWChapter8.swift"; sourceTree = "<group>"; };
		A43919981C5084B900D2B231 /* POTWChapter6.swift */ = {isa = PBXFileReference; fileEncoding = 4; lastKnownFileType = sourcecode.swift; name = POTWChapter6.swift; path = "../../../XCode iOS Project/Phantom of the West/Phantom of the West/POTWChapter6.swift"; sourceTree = "<group>"; };
		A43919991C5084B900D2B231 /* POTWChapter5.swift */ = {isa = PBXFileReference; fileEncoding = 4; lastKnownFileType = sourcecode.swift; name = POTWChapter5.swift; path = "../../../XCode iOS Project/Phantom of the West/Phantom of the West/POTWChapter5.swift"; sourceTree = "<group>"; };
		A439199A1C5084B900D2B231 /* POTWChapter4.swift */ = {isa = PBXFileReference; fileEncoding = 4; lastKnownFileType = sourcecode.swift; name = POTWChapter4.swift; path = "../../../XCode iOS Project/Phantom of the West/Phantom of the West/POTWChapter4.swift"; sourceTree = "<group>"; };
		A439199B1C5084B900D2B231 /* POTWChapter3.swift */ = {isa = PBXFileReference; fileEncoding = 4; lastKnownFileType = sourcecode.swift; name = POTWChapter3.swift; path = "../../../XCode iOS Project/Phantom of the West/Phantom of the West/POTWChapter3.swift"; sourceTree = "<group>"; };
		A439199C1C5084B900D2B231 /* POTWChapter2.swift */ = {isa = PBXFileReference; fileEncoding = 4; lastKnownFileType = sourcecode.swift; name = POTWChapter2.swift; path = "../../../XCode iOS Project/Phantom of the West/Phantom of the West/POTWChapter2.swift"; sourceTree = "<group>"; };
		A439199D1C5084B900D2B231 /* POTWChapter1.swift */ = {isa = PBXFileReference; fileEncoding = 4; lastKnownFileType = sourcecode.swift; name = POTWChapter1.swift; path = "../../../XCode iOS Project/Phantom of the West/Phantom of the West/POTWChapter1.swift"; sourceTree = "<group>"; };
		A439199F1C5084B900D2B231 /* StoryPage.swift */ = {isa = PBXFileReference; fileEncoding = 4; lastKnownFileType = sourcecode.swift; name = StoryPage.swift; path = "../../../XCode iOS Project/Phantom of the West/Phantom of the West/StoryPage.swift"; sourceTree = "<group>"; };
		A43919A01C5084B900D2B231 /* MainOptionsMenu.swift */ = {isa = PBXFileReference; fileEncoding = 4; lastKnownFileType = sourcecode.swift; name = MainOptionsMenu.swift; path = "../../../XCode iOS Project/Phantom of the West/Phantom of the West/MainOptionsMenu.swift"; sourceTree = "<group>"; };
		A43919A11C5084B900D2B231 /* PlayTutorial.swift */ = {isa = PBXFileReference; fileEncoding = 4; lastKnownFileType = sourcecode.swift; name = PlayTutorial.swift; path = "../../../XCode iOS Project/Phantom of the West/Phantom of the West/PlayTutorial.swift"; sourceTree = "<group>"; };
		A43919A21C5084B900D2B231 /* GUIElements.strings */ = {isa = PBXFileReference; fileEncoding = 4; lastKnownFileType = text.plist.strings; name = GUIElements.strings; path = "../../../XCode iOS Project/Phantom of the West/Phantom of the West/GUIElements.strings"; sourceTree = "<group>"; };
		A43919A31C5084B900D2B231 /* Info.plist */ = {isa = PBXFileReference; fileEncoding = 4; lastKnownFileType = text.plist.xml; name = Info.plist; path = "../../../XCode iOS Project/Phantom of the West/Phantom of the West/Info.plist"; sourceTree = "<group>"; };
		A43919A41C5084B900D2B231 /* StoryViewController.swift */ = {isa = PBXFileReference; fileEncoding = 4; lastKnownFileType = sourcecode.swift; name = StoryViewController.swift; path = "../../../XCode iOS Project/Phantom of the West/Phantom of the West/StoryViewController.swift"; sourceTree = "<group>"; };
		A43919A51C5084B900D2B231 /* SaveManager.swift */ = {isa = PBXFileReference; fileEncoding = 4; lastKnownFileType = sourcecode.swift; name = SaveManager.swift; path = "../../../XCode iOS Project/Phantom of the West/Phantom of the West/SaveManager.swift"; sourceTree = "<group>"; };
		A43919A61C5084B900D2B231 /* StoryImages.xcassets */ = {isa = PBXFileReference; lastKnownFileType = folder.assetcatalog; name = StoryImages.xcassets; path = "../../../XCode iOS Project/Phantom of the West/Phantom of the West/StoryImages.xcassets"; sourceTree = "<group>"; };
		A43919A71C5084B900D2B231 /* PhantomOfTheWest.swift */ = {isa = PBXFileReference; fileEncoding = 4; lastKnownFileType = sourcecode.swift; name = PhantomOfTheWest.swift; path = "../../../XCode iOS Project/Phantom of the West/Phantom of the West/PhantomOfTheWest.swift"; sourceTree = "<group>"; };
		A43919A81C5084B900D2B231 /* POTWGameState.swift */ = {isa = PBXFileReference; fileEncoding = 4; lastKnownFileType = sourcecode.swift; name = POTWGameState.swift; path = "../../../XCode iOS Project/Phantom of the West/Phantom of the West/POTWGameState.swift"; sourceTree = "<group>"; };
		A43919A91C5084B900D2B231 /* PPageTurner.swift */ = {isa = PBXFileReference; fileEncoding = 4; lastKnownFileType = sourcecode.swift; name = PPageTurner.swift; path = "../../../XCode iOS Project/Phantom of the West/Phantom of the West/PPageTurner.swift"; sourceTree = "<group>"; };
		A43919AA1C5084B900D2B231 /* CharacterVoices.swift */ = {isa = PBXFileReference; fileEncoding = 4; lastKnownFileType = sourcecode.swift; name = CharacterVoices.swift; path = "../../../XCode iOS Project/Phantom of the West/Phantom of the West/CharacterVoices.swift"; sourceTree = "<group>"; };
		A43919AC1C5084B900D2B231 /* Bookmark.swift */ = {isa = PBXFileReference; fileEncoding = 4; lastKnownFileType = sourcecode.swift; name = Bookmark.swift; path = "../../../XCode iOS Project/Phantom of the West/Phantom of the West/Bookmark.swift"; sourceTree = "<group>"; };
		A43919AD1C5084B900D2B231 /* ViewController.swift */ = {isa = PBXFileReference; fileEncoding = 4; lastKnownFileType = sourcecode.swift; name = ViewController.swift; path = "../../../XCode iOS Project/Phantom of the West/Phantom of the West/ViewController.swift"; sourceTree = "<group>"; };
		A43919AE1C5084B900D2B231 /* StoryPageVoiced.swift */ = {isa = PBXFileReference; fileEncoding = 4; lastKnownFileType = sourcecode.swift; name = StoryPageVoiced.swift; path = "../../../XCode iOS Project/Phantom of the West/Phantom of the West/StoryPageVoiced.swift"; sourceTree = "<group>"; };
		A43919AF1C5084B900D2B231 /* VoiceOption.swift */ = {isa = PBXFileReference; fileEncoding = 4; lastKnownFileType = sourcecode.swift; name = VoiceOption.swift; path = "../../../XCode iOS Project/Phantom of the West/Phantom of the West/VoiceOption.swift"; sourceTree = "<group>"; };
		A43919B01C5084B900D2B231 /* SavedGameItem.swift */ = {isa = PBXFileReference; fileEncoding = 4; lastKnownFileType = sourcecode.swift; name = SavedGameItem.swift; path = "../../../XCode iOS Project/Phantom of the West/Phantom of the West/SavedGameItem.swift"; sourceTree = "<group>"; };
		A43919B11C5084B900D2B231 /* PStoryPage.swift */ = {isa = PBXFileReference; fileEncoding = 4; lastKnownFileType = sourcecode.swift; name = PStoryPage.swift; path = "../../../XCode iOS Project/Phantom of the West/Phantom of the West/PStoryPage.swift"; sourceTree = "<group>"; };
		A43919B41C5084B900D2B231 /* ManualSave.swift */ = {isa = PBXFileReference; fileEncoding = 4; lastKnownFileType = sourcecode.swift; name = ManualSave.swift; path = "../../../XCode iOS Project/Phantom of the West/Phantom of the West/ManualSave.swift"; sourceTree = "<group>"; };
		A43919B51C5084B900D2B231 /* PSaveManagerObserver.swift */ = {isa = PBXFileReference; fileEncoding = 4; lastKnownFileType = sourcecode.swift; name = PSaveManagerObserver.swift; path = "../../../XCode iOS Project/Phantom of the West/Phantom of the West/PSaveManagerObserver.swift"; sourceTree = "<group>"; };
		A43919B71C5084B900D2B231 /* OptionsMenu.swift */ = {isa = PBXFileReference; fileEncoding = 4; lastKnownFileType = sourcecode.swift; name = OptionsMenu.swift; path = "../../../XCode iOS Project/Phantom of the West/Phantom of the West/OptionsMenu.swift"; sourceTree = "<group>"; };
		A43919B81C5084B900D2B231 /* POptionsMenuItem.swift */ = {isa = PBXFileReference; fileEncoding = 4; lastKnownFileType = sourcecode.swift; name = POptionsMenuItem.swift; path = "../../../XCode iOS Project/Phantom of the West/Phantom of the West/POptionsMenuItem.swift"; sourceTree = "<group>"; };
		A43919BA1C5084B900D2B231 /* OverwritableSavedGameItem.swift */ = {isa = PBXFileReference; fileEncoding = 4; lastKnownFileType = sourcecode.swift; name = OverwritableSavedGameItem.swift; path = "../../../XCode iOS Project/Phantom of the West/Phantom of the West/OverwritableSavedGameItem.swift"; sourceTree = "<group>"; };
		A43919BB1C5084B900D2B231 /* LoadableSavedGameItem.swift */ = {isa = PBXFileReference; fileEncoding = 4; lastKnownFileType = sourcecode.swift; name = LoadableSavedGameItem.swift; path = "../../../XCode iOS Project/Phantom of the West/Phantom of the West/LoadableSavedGameItem.swift"; sourceTree = "<group>"; };
		A43919BC1C5084B900D2B231 /* PSavedGamesRetriever.swift */ = {isa = PBXFileReference; fileEncoding = 4; lastKnownFileType = sourcecode.swift; name = PSavedGamesRetriever.swift; path = "../../../XCode iOS Project/Phantom of the West/Phantom of the West/PSavedGamesRetriever.swift"; sourceTree = "<group>"; };
		A43919BE1C5084B900D2B231 /* PStoryPageListObserver.swift */ = {isa = PBXFileReference; fileEncoding = 4; lastKnownFileType = sourcecode.swift; name = PStoryPageListObserver.swift; path = "../../../XCode iOS Project/Phantom of the West/Phantom of the West/PStoryPageListObserver.swift"; sourceTree = "<group>"; };
		A43919BF1C5084B900D2B231 /* EventFlagsCollection.swift */ = {isa = PBXFileReference; fileEncoding = 4; lastKnownFileType = sourcecode.swift; name = EventFlagsCollection.swift; path = "../../../XCode iOS Project/Phantom of the West/Phantom of the West/EventFlagsCollection.swift"; sourceTree = "<group>"; };
		A43919C01C5084B900D2B231 /* StoryText.swift */ = {isa = PBXFileReference; fileEncoding = 4; lastKnownFileType = sourcecode.swift; name = StoryText.swift; path = "../../../XCode iOS Project/Phantom of the West/Phantom of the West/StoryText.swift"; sourceTree = "<group>"; };
		A43919C11C5084B900D2B231 /* AutoSave.swift */ = {isa = PBXFileReference; fileEncoding = 4; lastKnownFileType = sourcecode.swift; name = AutoSave.swift; path = "../../../XCode iOS Project/Phantom of the West/Phantom of the West/AutoSave.swift"; sourceTree = "<group>"; };
		A43919C21C5084B900D2B231 /* StoryImage.swift */ = {isa = PBXFileReference; fileEncoding = 4; lastKnownFileType = sourcecode.swift; name = StoryImage.swift; path = "../../../XCode iOS Project/Phantom of the West/Phantom of the West/StoryImage.swift"; sourceTree = "<group>"; };
		A43919C41C5084B900D2B231 /* SavedGamesList.swift */ = {isa = PBXFileReference; fileEncoding = 4; lastKnownFileType = sourcecode.swift; name = SavedGamesList.swift; path = "../../../XCode iOS Project/Phantom of the West/Phantom of the West/SavedGamesList.swift"; sourceTree = "<group>"; };
		A43919C51C5084B900D2B231 /* NewGame.swift */ = {isa = PBXFileReference; fileEncoding = 4; lastKnownFileType = sourcecode.swift; name = NewGame.swift; path = "../../../XCode iOS Project/Phantom of the West/Phantom of the West/NewGame.swift"; sourceTree = "<group>"; };
		A43919C61C5084B900D2B231 /* PSavedGame.swift */ = {isa = PBXFileReference; fileEncoding = 4; lastKnownFileType = sourcecode.swift; name = PSavedGame.swift; path = "../../../XCode iOS Project/Phantom of the West/Phantom of the West/PSavedGame.swift"; sourceTree = "<group>"; };
		A43919C71C5084B900D2B231 /* StringLocalizer.swift */ = {isa = PBXFileReference; fileEncoding = 4; lastKnownFileType = sourcecode.swift; name = StringLocalizer.swift; path = "../../../XCode iOS Project/Phantom of the West/Phantom of the West/StringLocalizer.swift"; sourceTree = "<group>"; };
		A43919C81C5084B900D2B231 /* PSavedGameLoader.swift */ = {isa = PBXFileReference; fileEncoding = 4; lastKnownFileType = sourcecode.swift; name = PSavedGameLoader.swift; path = "../../../XCode iOS Project/Phantom of the West/Phantom of the West/PSavedGameLoader.swift"; sourceTree = "<group>"; };
		A43919C91C5084B900D2B231 /* Constants.swift */ = {isa = PBXFileReference; fileEncoding = 4; lastKnownFileType = sourcecode.swift; name = Constants.swift; path = "../../../XCode iOS Project/Phantom of the West/Phantom of the West/Constants.swift"; sourceTree = "<group>"; };
		A43919CA1C5084B900D2B231 /* PConstraintsChanger.swift */ = {isa = PBXFileReference; fileEncoding = 4; lastKnownFileType = sourcecode.swift; name = PConstraintsChanger.swift; path = "../../../XCode iOS Project/Phantom of the West/Phantom of the West/PConstraintsChanger.swift"; sourceTree = "<group>"; };
		A43919CC1C5084B900D2B231 /* PStory.swift */ = {isa = PBXFileReference; fileEncoding = 4; lastKnownFileType = sourcecode.swift; name = PStory.swift; path = "../../../XCode iOS Project/Phantom of the West/Phantom of the West/PStory.swift"; sourceTree = "<group>"; };
		A43919CD1C5084B900D2B231 /* PStoryObserver.swift */ = {isa = PBXFileReference; fileEncoding = 4; lastKnownFileType = sourcecode.swift; name = PStoryObserver.swift; path = "../../../XCode iOS Project/Phantom of the West/Phantom of the West/PStoryObserver.swift"; sourceTree = "<group>"; };
		A43919CE1C5084B900D2B231 /* StoryPageList.swift */ = {isa = PBXFileReference; fileEncoding = 4; lastKnownFileType = sourcecode.swift; name = StoryPageList.swift; path = "../../../XCode iOS Project/Phantom of the West/Phantom of the West/StoryPageList.swift"; sourceTree = "<group>"; };
		A43919CF1C5084B900D2B231 /* PNavigatorHandler.swift */ = {isa = PBXFileReference; fileEncoding = 4; lastKnownFileType = sourcecode.swift; name = PNavigatorHandler.swift; path = "../../../XCode iOS Project/Phantom of the West/Phantom of the West/PNavigatorHandler.swift"; sourceTree = "<group>"; };
		A4391A181C50912B00D2B231 /* StoryView.swift */ = {isa = PBXFileReference; fileEncoding = 4; lastKnownFileType = sourcecode.swift; path = StoryView.swift; sourceTree = "<group>"; };
		A4391A1A1C5091C500D2B231 /* POTWChapter0.swift */ = {isa = PBXFileReference; fileEncoding = 4; lastKnownFileType = sourcecode.swift; path = POTWChapter0.swift; sourceTree = "<group>"; };
		A4391A1C1C509B4B00D2B231 /* AlertManager.swift */ = {isa = PBXFileReference; fileEncoding = 4; lastKnownFileType = sourcecode.swift; path = AlertManager.swift; sourceTree = "<group>"; };
		A4391A1E1C509F2F00D2B231 /* StoryNavigator.swift */ = {isa = PBXFileReference; fileEncoding = 4; lastKnownFileType = sourcecode.swift; path = StoryNavigator.swift; sourceTree = "<group>"; };
/* End PBXFileReference section */

/* Begin PBXFrameworksBuildPhase section */
		A403B6311C4B2F7600C06871 /* Frameworks */ = {
			isa = PBXFrameworksBuildPhase;
			buildActionMask = 2147483647;
			files = (
				A403B6461C4B319F00C06871 /* GameKit.framework in Frameworks */,
			);
			runOnlyForDeploymentPostprocessing = 0;
		};
/* End PBXFrameworksBuildPhase section */

/* Begin PBXGroup section */
		A403B62B1C4B2F7600C06871 = {
			isa = PBXGroup;
			children = (
				A403B6451C4B319F00C06871 /* GameKit.framework */,
				A403B6361C4B2F7600C06871 /* Phantom of the West */,
				A403B6351C4B2F7600C06871 /* Products */,
			);
			sourceTree = "<group>";
		};
		A403B6351C4B2F7600C06871 /* Products */ = {
			isa = PBXGroup;
			children = (
				A403B6341C4B2F7600C06871 /* Phantom of the West.app */,
			);
			name = Products;
			sourceTree = "<group>";
		};
		A403B6361C4B2F7600C06871 /* Phantom of the West */ = {
			isa = PBXGroup;
			children = (
				A403B6441C4B309200C06871 /* Phantom of the West.entitlements */,
				A43919881C507CC300D2B231 /* iOS Files */,
				A4391A171C5088E600D2B231 /* Mac Files */,
				A403B6371C4B2F7600C06871 /* AppDelegate.swift */,
				A403B6391C4B2F7600C06871 /* Assets.xcassets */,
				A403B63B1C4B2F7600C06871 /* MainMenu.xib */,
				A403B63E1C4B2F7600C06871 /* Info.plist */,
			);
			path = "Phantom of the West";
			sourceTree = "<group>";
		};
		A43919881C507CC300D2B231 /* iOS Files */ = {
			isa = PBXGroup;
			children = (
				A43919891C5084B900D2B231 /* StoryText.strings */,
				A439198B1C5084B900D2B231 /* AchievementManager.swift */,
				A439198C1C5084B900D2B231 /* POTWChapter18.swift */,
				A439198D1C5084B900D2B231 /* POTWChapter17.swift */,
				A439198E1C5084B900D2B231 /* POTWChapter16.swift */,
				A439198F1C5084B900D2B231 /* POTWChapter15.swift */,
				A43919901C5084B900D2B231 /* POTWChapter14.swift */,
				A43919911C5084B900D2B231 /* POTWChapter13.swift */,
				A43919921C5084B900D2B231 /* POTWChapter12.swift */,
				A43919931C5084B900D2B231 /* POTWChapter11.swift */,
				A43919941C5084B900D2B231 /* POTWChapter10.swift */,
				A43919951C5084B900D2B231 /* POTWChapter7.swift */,
				A43919961C5084B900D2B231 /* POTWChapter9.swift */,
				A43919971C5084B900D2B231 /* POTWChapter8.swift */,
				A43919981C5084B900D2B231 /* POTWChapter6.swift */,
				A43919991C5084B900D2B231 /* POTWChapter5.swift */,
				A439199A1C5084B900D2B231 /* POTWChapter4.swift */,
				A439199B1C5084B900D2B231 /* POTWChapter3.swift */,
				A439199C1C5084B900D2B231 /* POTWChapter2.swift */,
				A439199D1C5084B900D2B231 /* POTWChapter1.swift */,
				A439199F1C5084B900D2B231 /* StoryPage.swift */,
				A43919A01C5084B900D2B231 /* MainOptionsMenu.swift */,
				A43919A11C5084B900D2B231 /* PlayTutorial.swift */,
				A43919A21C5084B900D2B231 /* GUIElements.strings */,
				A43919A31C5084B900D2B231 /* Info.plist */,
				A43919A41C5084B900D2B231 /* StoryViewController.swift */,
				A43919A51C5084B900D2B231 /* SaveManager.swift */,
				A43919A61C5084B900D2B231 /* StoryImages.xcassets */,
				A43919A71C5084B900D2B231 /* PhantomOfTheWest.swift */,
				A43919A81C5084B900D2B231 /* POTWGameState.swift */,
				A43919A91C5084B900D2B231 /* PPageTurner.swift */,
				A43919AA1C5084B900D2B231 /* CharacterVoices.swift */,
				A43919AC1C5084B900D2B231 /* Bookmark.swift */,
				A43919AD1C5084B900D2B231 /* ViewController.swift */,
				A43919AE1C5084B900D2B231 /* StoryPageVoiced.swift */,
				A43919AF1C5084B900D2B231 /* VoiceOption.swift */,
				A43919B01C5084B900D2B231 /* SavedGameItem.swift */,
				A43919B11C5084B900D2B231 /* PStoryPage.swift */,
				A43919B41C5084B900D2B231 /* ManualSave.swift */,
				A43919B51C5084B900D2B231 /* PSaveManagerObserver.swift */,
				A43919B71C5084B900D2B231 /* OptionsMenu.swift */,
				A43919B81C5084B900D2B231 /* POptionsMenuItem.swift */,
				A43919BA1C5084B900D2B231 /* OverwritableSavedGameItem.swift */,
				A43919BB1C5084B900D2B231 /* LoadableSavedGameItem.swift */,
				A43919BC1C5084B900D2B231 /* PSavedGamesRetriever.swift */,
				A43919BE1C5084B900D2B231 /* PStoryPageListObserver.swift */,
				A43919BF1C5084B900D2B231 /* EventFlagsCollection.swift */,
				A43919C01C5084B900D2B231 /* StoryText.swift */,
				A43919C11C5084B900D2B231 /* AutoSave.swift */,
				A43919C21C5084B900D2B231 /* StoryImage.swift */,
				A43919C41C5084B900D2B231 /* SavedGamesList.swift */,
				A43919C51C5084B900D2B231 /* NewGame.swift */,
				A43919C61C5084B900D2B231 /* PSavedGame.swift */,
				A43919C71C5084B900D2B231 /* StringLocalizer.swift */,
				A43919C81C5084B900D2B231 /* PSavedGameLoader.swift */,
				A43919C91C5084B900D2B231 /* Constants.swift */,
				A43919CA1C5084B900D2B231 /* PConstraintsChanger.swift */,
				A43919CC1C5084B900D2B231 /* PStory.swift */,
				A43919CD1C5084B900D2B231 /* PStoryObserver.swift */,
				A43919CE1C5084B900D2B231 /* StoryPageList.swift */,
				A43919CF1C5084B900D2B231 /* PNavigatorHandler.swift */,
			);
			name = "iOS Files";
			sourceTree = "<group>";
		};
		A4391A171C5088E600D2B231 /* Mac Files */ = {
			isa = PBXGroup;
			children = (
				A4391A181C50912B00D2B231 /* StoryView.swift */,
				A4391A1A1C5091C500D2B231 /* POTWChapter0.swift */,
				A4391A1C1C509B4B00D2B231 /* AlertManager.swift */,
				A4391A1E1C509F2F00D2B231 /* StoryNavigator.swift */,
			);
			name = "Mac Files";
			sourceTree = "<group>";
		};
/* End PBXGroup section */

/* Begin PBXNativeTarget section */
		A403B6331C4B2F7600C06871 /* Phantom of the West */ = {
			isa = PBXNativeTarget;
			buildConfigurationList = A403B6411C4B2F7600C06871 /* Build configuration list for PBXNativeTarget "Phantom of the West" */;
			buildPhases = (
				A403B6301C4B2F7600C06871 /* Sources */,
				A403B6311C4B2F7600C06871 /* Frameworks */,
				A403B6321C4B2F7600C06871 /* Resources */,
			);
			buildRules = (
			);
			dependencies = (
			);
			name = "Phantom of the West";
			productName = "Phantom of the West";
			productReference = A403B6341C4B2F7600C06871 /* Phantom of the West.app */;
			productType = "com.apple.product-type.application";
		};
/* End PBXNativeTarget section */

/* Begin PBXProject section */
		A403B62C1C4B2F7600C06871 /* Project object */ = {
			isa = PBXProject;
			attributes = {
				LastSwiftUpdateCheck = 0720;
				LastUpgradeCheck = 0720;
				ORGANIZATIONNAME = "Christopher Raleigh";
				TargetAttributes = {
					A403B6331C4B2F7600C06871 = {
						CreatedOnToolsVersion = 7.2;
						DevelopmentTeam = JWDL6K3VXC;
						SystemCapabilities = {
							com.apple.GameCenter = {
								enabled = 1;
							};
							com.apple.Sandbox = {
								enabled = 1;
							};
							com.apple.iCloud = {
								enabled = 0;
							};
						};
					};
				};
			};
			buildConfigurationList = A403B62F1C4B2F7600C06871 /* Build configuration list for PBXProject "Phantom of the West" */;
			compatibilityVersion = "Xcode 3.2";
			developmentRegion = English;
			hasScannedForEncodings = 0;
			knownRegions = (
				en,
				Base,
			);
			mainGroup = A403B62B1C4B2F7600C06871;
			productRefGroup = A403B6351C4B2F7600C06871 /* Products */;
			projectDirPath = "";
			projectRoot = "";
			targets = (
				A403B6331C4B2F7600C06871 /* Phantom of the West */,
			);
		};
/* End PBXProject section */

/* Begin PBXResourcesBuildPhase section */
		A403B6321C4B2F7600C06871 /* Resources */ = {
			isa = PBXResourcesBuildPhase;
			buildActionMask = 2147483647;
			files = (
				A43919D01C5084B900D2B231 /* StoryText.strings in Resources */,
				A43919E91C5084B900D2B231 /* GUIElements.strings in Resources */,
				A403B63A1C4B2F7600C06871 /* Assets.xcassets in Resources */,
				A43919EA1C5084B900D2B231 /* Info.plist in Resources */,
				A403B63D1C4B2F7600C06871 /* MainMenu.xib in Resources */,
				A43919ED1C5084B900D2B231 /* StoryImages.xcassets in Resources */,
			);
			runOnlyForDeploymentPostprocessing = 0;
		};
/* End PBXResourcesBuildPhase section */

/* Begin PBXSourcesBuildPhase section */
		A403B6301C4B2F7600C06871 /* Sources */ = {
			isa = PBXSourcesBuildPhase;
			buildActionMask = 2147483647;
			files = (
				A43919F51C5084B900D2B231 /* StoryPageVoiced.swift in Sources */,
				A43919D51C5084B900D2B231 /* POTWChapter16.swift in Sources */,
				A43919D31C5084B900D2B231 /* POTWChapter18.swift in Sources */,
				A4391A021C5084B900D2B231 /* LoadableSavedGameItem.swift in Sources */,
				A4391A101C5084B900D2B231 /* Constants.swift in Sources */,
				A43919E01C5084B900D2B231 /* POTWChapter5.swift in Sources */,
				A4391A161C5084B900D2B231 /* PNavigatorHandler.swift in Sources */,
				A4391A0F1C5084B900D2B231 /* PSavedGameLoader.swift in Sources */,
				A4391A051C5084B900D2B231 /* PStoryPageListObserver.swift in Sources */,
				A4391A061C5084B900D2B231 /* EventFlagsCollection.swift in Sources */,
				A4391A081C5084B900D2B231 /* AutoSave.swift in Sources */,
				A43919F11C5084B900D2B231 /* CharacterVoices.swift in Sources */,
				A43919E41C5084B900D2B231 /* POTWChapter1.swift in Sources */,
				A403B6381C4B2F7600C06871 /* AppDelegate.swift in Sources */,
				A4391A011C5084B900D2B231 /* OverwritableSavedGameItem.swift in Sources */,
				A43919DF1C5084B900D2B231 /* POTWChapter6.swift in Sources */,
				A4391A031C5084B900D2B231 /* PSavedGamesRetriever.swift in Sources */,
				A43919DB1C5084B900D2B231 /* POTWChapter10.swift in Sources */,
				A43919E21C5084B900D2B231 /* POTWChapter3.swift in Sources */,
				A43919FB1C5084B900D2B231 /* ManualSave.swift in Sources */,
				A43919D91C5084B900D2B231 /* POTWChapter12.swift in Sources */,
				A43919EF1C5084B900D2B231 /* POTWGameState.swift in Sources */,
				A4391A1B1C5091C500D2B231 /* POTWChapter0.swift in Sources */,
				A43919E61C5084B900D2B231 /* StoryPage.swift in Sources */,
				A43919F61C5084B900D2B231 /* VoiceOption.swift in Sources */,
				A4391A0C1C5084B900D2B231 /* NewGame.swift in Sources */,
				A43919D71C5084B900D2B231 /* POTWChapter14.swift in Sources */,
				A4391A071C5084B900D2B231 /* StoryText.swift in Sources */,
				A43919DE1C5084B900D2B231 /* POTWChapter8.swift in Sources */,
				A43919FC1C5084B900D2B231 /* PSaveManagerObserver.swift in Sources */,
				A43919EE1C5084B900D2B231 /* PhantomOfTheWest.swift in Sources */,
				A4391A0D1C5084B900D2B231 /* PSavedGame.swift in Sources */,
				A43919FF1C5084B900D2B231 /* POptionsMenuItem.swift in Sources */,
				A43919D41C5084B900D2B231 /* POTWChapter17.swift in Sources */,
				A43919E81C5084B900D2B231 /* PlayTutorial.swift in Sources */,
				A43919F01C5084B900D2B231 /* PPageTurner.swift in Sources */,
				A4391A131C5084B900D2B231 /* PStory.swift in Sources */,
				A43919E71C5084B900D2B231 /* MainOptionsMenu.swift in Sources */,
				A43919EC1C5084B900D2B231 /* SaveManager.swift in Sources */,
				A43919E31C5084B900D2B231 /* POTWChapter2.swift in Sources */,
				A43919F31C5084B900D2B231 /* Bookmark.swift in Sources */,
				A4391A0E1C5084B900D2B231 /* StringLocalizer.swift in Sources */,
				A4391A151C5084B900D2B231 /* StoryPageList.swift in Sources */,
				A43919D61C5084B900D2B231 /* POTWChapter15.swift in Sources */,
				A43919DD1C5084B900D2B231 /* POTWChapter9.swift in Sources */,
				A43919FE1C5084B900D2B231 /* OptionsMenu.swift in Sources */,
				A4391A1F1C509F2F00D2B231 /* StoryNavigator.swift in Sources */,
				A43919F41C5084B900D2B231 /* ViewController.swift in Sources */,
				A4391A191C50912B00D2B231 /* StoryView.swift in Sources */,
				A43919F81C5084B900D2B231 /* PStoryPage.swift in Sources */,
				A43919EB1C5084B900D2B231 /* StoryViewController.swift in Sources */,
				A4391A091C5084B900D2B231 /* StoryImage.swift in Sources */,
				A4391A1D1C509B4B00D2B231 /* AlertManager.swift in Sources */,
				A43919D81C5084B900D2B231 /* POTWChapter13.swift in Sources */,
				A43919D21C5084B900D2B231 /* AchievementManager.swift in Sources */,
				A43919DC1C5084B900D2B231 /* POTWChapter7.swift in Sources */,
				A43919E11C5084B900D2B231 /* POTWChapter4.swift in Sources */,
				A4391A111C5084B900D2B231 /* PConstraintsChanger.swift in Sources */,
				A4391A141C5084B900D2B231 /* PStoryObserver.swift in Sources */,
				A4391A0B1C5084B900D2B231 /* SavedGamesList.swift in Sources */,
				A43919DA1C5084B900D2B231 /* POTWChapter11.swift in Sources */,
				A43919F71C5084B900D2B231 /* SavedGameItem.swift in Sources */,
			);
			runOnlyForDeploymentPostprocessing = 0;
		};
/* End PBXSourcesBuildPhase section */

/* Begin PBXVariantGroup section */
		A403B63B1C4B2F7600C06871 /* MainMenu.xib */ = {
			isa = PBXVariantGroup;
			children = (
				A403B63C1C4B2F7600C06871 /* Base */,
			);
			name = MainMenu.xib;
			sourceTree = "<group>";
		};
/* End PBXVariantGroup section */

/* Begin XCBuildConfiguration section */
		A403B63F1C4B2F7600C06871 /* Debug */ = {
			isa = XCBuildConfiguration;
			buildSettings = {
				ALWAYS_SEARCH_USER_PATHS = NO;
				CLANG_CXX_LANGUAGE_STANDARD = "gnu++0x";
				CLANG_CXX_LIBRARY = "libc++";
				CLANG_ENABLE_MODULES = YES;
				CLANG_ENABLE_OBJC_ARC = YES;
				CLANG_WARN_BOOL_CONVERSION = YES;
				CLANG_WARN_CONSTANT_CONVERSION = YES;
				CLANG_WARN_DIRECT_OBJC_ISA_USAGE = YES_ERROR;
				CLANG_WARN_EMPTY_BODY = YES;
				CLANG_WARN_ENUM_CONVERSION = YES;
				CLANG_WARN_INT_CONVERSION = YES;
				CLANG_WARN_OBJC_ROOT_CLASS = YES_ERROR;
				CLANG_WARN_UNREACHABLE_CODE = YES;
				CLANG_WARN__DUPLICATE_METHOD_MATCH = YES;
				CODE_SIGN_IDENTITY = "-";
				COPY_PHASE_STRIP = NO;
				DEBUG_INFORMATION_FORMAT = dwarf;
				ENABLE_STRICT_OBJC_MSGSEND = YES;
				ENABLE_TESTABILITY = YES;
				GCC_C_LANGUAGE_STANDARD = gnu99;
				GCC_DYNAMIC_NO_PIC = NO;
				GCC_NO_COMMON_BLOCKS = YES;
				GCC_OPTIMIZATION_LEVEL = 0;
				GCC_PREPROCESSOR_DEFINITIONS = (
					"DEBUG=1",
					"$(inherited)",
				);
				GCC_WARN_64_TO_32_BIT_CONVERSION = YES;
				GCC_WARN_ABOUT_RETURN_TYPE = YES_ERROR;
				GCC_WARN_UNDECLARED_SELECTOR = YES;
				GCC_WARN_UNINITIALIZED_AUTOS = YES_AGGRESSIVE;
				GCC_WARN_UNUSED_FUNCTION = YES;
				GCC_WARN_UNUSED_VARIABLE = YES;
				MACOSX_DEPLOYMENT_TARGET = 10.9;
				MTL_ENABLE_DEBUG_INFO = YES;
				ONLY_ACTIVE_ARCH = YES;
				SDKROOT = macosx;
				SWIFT_OPTIMIZATION_LEVEL = "-Onone";
			};
			name = Debug;
		};
		A403B6401C4B2F7600C06871 /* Release */ = {
			isa = XCBuildConfiguration;
			buildSettings = {
				ALWAYS_SEARCH_USER_PATHS = NO;
				CLANG_CXX_LANGUAGE_STANDARD = "gnu++0x";
				CLANG_CXX_LIBRARY = "libc++";
				CLANG_ENABLE_MODULES = YES;
				CLANG_ENABLE_OBJC_ARC = YES;
				CLANG_WARN_BOOL_CONVERSION = YES;
				CLANG_WARN_CONSTANT_CONVERSION = YES;
				CLANG_WARN_DIRECT_OBJC_ISA_USAGE = YES_ERROR;
				CLANG_WARN_EMPTY_BODY = YES;
				CLANG_WARN_ENUM_CONVERSION = YES;
				CLANG_WARN_INT_CONVERSION = YES;
				CLANG_WARN_OBJC_ROOT_CLASS = YES_ERROR;
				CLANG_WARN_UNREACHABLE_CODE = YES;
				CLANG_WARN__DUPLICATE_METHOD_MATCH = YES;
				CODE_SIGN_IDENTITY = "-";
				COPY_PHASE_STRIP = NO;
				DEBUG_INFORMATION_FORMAT = "dwarf-with-dsym";
				ENABLE_NS_ASSERTIONS = NO;
				ENABLE_STRICT_OBJC_MSGSEND = YES;
				GCC_C_LANGUAGE_STANDARD = gnu99;
				GCC_NO_COMMON_BLOCKS = YES;
				GCC_WARN_64_TO_32_BIT_CONVERSION = YES;
				GCC_WARN_ABOUT_RETURN_TYPE = YES_ERROR;
				GCC_WARN_UNDECLARED_SELECTOR = YES;
				GCC_WARN_UNINITIALIZED_AUTOS = YES_AGGRESSIVE;
				GCC_WARN_UNUSED_FUNCTION = YES;
				GCC_WARN_UNUSED_VARIABLE = YES;
				MACOSX_DEPLOYMENT_TARGET = 10.9;
				MTL_ENABLE_DEBUG_INFO = NO;
				SDKROOT = macosx;
			};
			name = Release;
		};
		A403B6421C4B2F7600C06871 /* Debug */ = {
			isa = XCBuildConfiguration;
			buildSettings = {
				ASSETCATALOG_COMPILER_APPICON_NAME = AppIcon;
				CODE_SIGN_ENTITLEMENTS = "Phantom of the West/Phantom of the West.entitlements";
				CODE_SIGN_IDENTITY = "Mac Developer";
				"CODE_SIGN_IDENTITY[sdk=macosx*]" = "Mac Developer";
				COMBINE_HIDPI_IMAGES = YES;
				INFOPLIST_FILE = "Phantom of the West/Info.plist";
				LD_RUNPATH_SEARCH_PATHS = "$(inherited) @executable_path/../Frameworks";
				PRODUCT_BUNDLE_IDENTIFIER = "com.Christopher-Raleigh.Mac.Phantom-of-the-West";
				PRODUCT_NAME = "$(TARGET_NAME)";
				PROVISIONING_PROFILE = "";
			};
			name = Debug;
		};
		A403B6431C4B2F7600C06871 /* Release */ = {
			isa = XCBuildConfiguration;
			buildSettings = {
				ASSETCATALOG_COMPILER_APPICON_NAME = AppIcon;
				CODE_SIGN_ENTITLEMENTS = "Phantom of the West/Phantom of the West.entitlements";
				CODE_SIGN_IDENTITY = "Mac Developer";
				"CODE_SIGN_IDENTITY[sdk=macosx*]" = "Mac Developer";
				COMBINE_HIDPI_IMAGES = YES;
				INFOPLIST_FILE = "Phantom of the West/Info.plist";
				LD_RUNPATH_SEARCH_PATHS = "$(inherited) @executable_path/../Frameworks";
				PRODUCT_BUNDLE_IDENTIFIER = "com.Christopher-Raleigh.Mac.Phantom-of-the-West";
				PRODUCT_NAME = "$(TARGET_NAME)";
				PROVISIONING_PROFILE = "";
			};
			name = Release;
		};
/* End XCBuildConfiguration section */

/* Begin XCConfigurationList section */
		A403B62F1C4B2F7600C06871 /* Build configuration list for PBXProject "Phantom of the West" */ = {
			isa = XCConfigurationList;
			buildConfigurations = (
				A403B63F1C4B2F7600C06871 /* Debug */,
				A403B6401C4B2F7600C06871 /* Release */,
			);
			defaultConfigurationIsVisible = 0;
			defaultConfigurationName = Release;
		};
		A403B6411C4B2F7600C06871 /* Build configuration list for PBXNativeTarget "Phantom of the West" */ = {
			isa = XCConfigurationList;
			buildConfigurations = (
				A403B6421C4B2F7600C06871 /* Debug */,
				A403B6431C4B2F7600C06871 /* Release */,
			);
			defaultConfigurationIsVisible = 0;
			defaultConfigurationName = Release;
		};
/* End XCConfigurationList section */
	};
	rootObject = A403B62C1C4B2F7600C06871 /* Project object */;
}
