// !$*UTF8*$!
{
	archiveVersion = 1;
	classes = {
	};
	objectVersion = 46;
	objects = {

/* Begin PBXBuildFile section */
		A403B6381C4B2F7600C06871 /* AppDelegate.swift in Sources */ = {isa = PBXBuildFile; fileRef = A403B6371C4B2F7600C06871 /* AppDelegate.swift */; };
		A403B63A1C4B2F7600C06871 /* Assets.xcassets in Resources */ = {isa = PBXBuildFile; fileRef = A403B6391C4B2F7600C06871 /* Assets.xcassets */; };
		A403B63D1C4B2F7600C06871 /* MainMenu.xib in Resources */ = {isa = PBXBuildFile; fileRef = A403B63B1C4B2F7600C06871 /* MainMenu.xib */; };
		A403B6461C4B319F00C06871 /* GameKit.framework in Frameworks */ = {isa = PBXBuildFile; fileRef = A403B6451C4B319F00C06871 /* GameKit.framework */; };
/* End PBXBuildFile section */

/* Begin PBXFileReference section */
		A403B6341C4B2F7600C06871 /* Phantom of the West.app */ = {isa = PBXFileReference; explicitFileType = wrapper.application; includeInIndex = 0; path = "Phantom of the West.app"; sourceTree = BUILT_PRODUCTS_DIR; };
		A403B6371C4B2F7600C06871 /* AppDelegate.swift */ = {isa = PBXFileReference; lastKnownFileType = sourcecode.swift; path = AppDelegate.swift; sourceTree = "<group>"; };
		A403B6391C4B2F7600C06871 /* Assets.xcassets */ = {isa = PBXFileReference; lastKnownFileType = folder.assetcatalog; path = Assets.xcassets; sourceTree = "<group>"; };
		A403B63C1C4B2F7600C06871 /* Base */ = {isa = PBXFileReference; lastKnownFileType = file.xib; name = Base; path = Base.lproj/MainMenu.xib; sourceTree = "<group>"; };
		A403B63E1C4B2F7600C06871 /* Info.plist */ = {isa = PBXFileReference; lastKnownFileType = text.plist.xml; path = Info.plist; sourceTree = "<group>"; };
		A403B6441C4B309200C06871 /* Phantom of the West.entitlements */ = {isa = PBXFileReference; lastKnownFileType = text.xml; path = "Phantom of the West.entitlements"; sourceTree = "<group>"; };
		A403B6451C4B319F00C06871 /* GameKit.framework */ = {isa = PBXFileReference; lastKnownFileType = wrapper.framework; name = GameKit.framework; path = System/Library/Frameworks/GameKit.framework; sourceTree = SDKROOT; };
/* End PBXFileReference section */

/* Begin PBXFrameworksBuildPhase section */
		A403B6311C4B2F7600C06871 /* Frameworks */ = {
			isa = PBXFrameworksBuildPhase;
			buildActionMask = 2147483647;
			files = (
				A403B6461C4B319F00C06871 /* GameKit.framework in Frameworks */,
			);
			runOnlyForDeploymentPostprocessing = 0;
		};
/* End PBXFrameworksBuildPhase section */

/* Begin PBXGroup section */
		A403B62B1C4B2F7600C06871 = {
			isa = PBXGroup;
			children = (
				A403B6451C4B319F00C06871 /* GameKit.framework */,
				A403B6361C4B2F7600C06871 /* Phantom of the West */,
				A403B6351C4B2F7600C06871 /* Products */,
			);
			sourceTree = "<group>";
		};
		A403B6351C4B2F7600C06871 /* Products */ = {
			isa = PBXGroup;
			children = (
				A403B6341C4B2F7600C06871 /* Phantom of the West.app */,
			);
			name = Products;
			sourceTree = "<group>";
		};
		A403B6361C4B2F7600C06871 /* Phantom of the West */ = {
			isa = PBXGroup;
			children = (
				A403B6441C4B309200C06871 /* Phantom of the West.entitlements */,
				A403B6371C4B2F7600C06871 /* AppDelegate.swift */,
				A403B6391C4B2F7600C06871 /* Assets.xcassets */,
				A403B63B1C4B2F7600C06871 /* MainMenu.xib */,
				A403B63E1C4B2F7600C06871 /* Info.plist */,
			);
			path = "Phantom of the West";
			sourceTree = "<group>";
		};
/* End PBXGroup section */

/* Begin PBXNativeTarget section */
		A403B6331C4B2F7600C06871 /* Phantom of the West */ = {
			isa = PBXNativeTarget;
			buildConfigurationList = A403B6411C4B2F7600C06871 /* Build configuration list for PBXNativeTarget "Phantom of the West" */;
			buildPhases = (
				A403B6301C4B2F7600C06871 /* Sources */,
				A403B6311C4B2F7600C06871 /* Frameworks */,
				A403B6321C4B2F7600C06871 /* Resources */,
			);
			buildRules = (
			);
			dependencies = (
			);
			name = "Phantom of the West";
			productName = "Phantom of the West";
			productReference = A403B6341C4B2F7600C06871 /* Phantom of the West.app */;
			productType = "com.apple.product-type.application";
		};
/* End PBXNativeTarget section */

/* Begin PBXProject section */
		A403B62C1C4B2F7600C06871 /* Project object */ = {
			isa = PBXProject;
			attributes = {
				LastSwiftUpdateCheck = 0720;
				LastUpgradeCheck = 0720;
				ORGANIZATIONNAME = "Christopher Raleigh";
				TargetAttributes = {
					A403B6331C4B2F7600C06871 = {
						CreatedOnToolsVersion = 7.2;
						DevelopmentTeam = JWDL6K3VXC;
						SystemCapabilities = {
							com.apple.GameCenter = {
								enabled = 1;
							};
							com.apple.Sandbox = {
								enabled = 1;
							};
							com.apple.iCloud = {
								enabled = 0;
							};
						};
					};
				};
			};
			buildConfigurationList = A403B62F1C4B2F7600C06871 /* Build configuration list for PBXProject "Phantom of the West" */;
			compatibilityVersion = "Xcode 3.2";
			developmentRegion = English;
			hasScannedForEncodings = 0;
			knownRegions = (
				en,
				Base,
			);
			mainGroup = A403B62B1C4B2F7600C06871;
			productRefGroup = A403B6351C4B2F7600C06871 /* Products */;
			projectDirPath = "";
			projectRoot = "";
			targets = (
				A403B6331C4B2F7600C06871 /* Phantom of the West */,
			);
		};
/* End PBXProject section */

/* Begin PBXResourcesBuildPhase section */
		A403B6321C4B2F7600C06871 /* Resources */ = {
			isa = PBXResourcesBuildPhase;
			buildActionMask = 2147483647;
			files = (
				A403B63A1C4B2F7600C06871 /* Assets.xcassets in Resources */,
				A403B63D1C4B2F7600C06871 /* MainMenu.xib in Resources */,
			);
			runOnlyForDeploymentPostprocessing = 0;
		};
/* End PBXResourcesBuildPhase section */

/* Begin PBXSourcesBuildPhase section */
		A403B6301C4B2F7600C06871 /* Sources */ = {
			isa = PBXSourcesBuildPhase;
			buildActionMask = 2147483647;
			files = (
				A403B6381C4B2F7600C06871 /* AppDelegate.swift in Sources */,
			);
			runOnlyForDeploymentPostprocessing = 0;
		};
/* End PBXSourcesBuildPhase section */

/* Begin PBXVariantGroup section */
		A403B63B1C4B2F7600C06871 /* MainMenu.xib */ = {
			isa = PBXVariantGroup;
			children = (
				A403B63C1C4B2F7600C06871 /* Base */,
			);
			name = MainMenu.xib;
			sourceTree = "<group>";
		};
/* End PBXVariantGroup section */

/* Begin XCBuildConfiguration section */
		A403B63F1C4B2F7600C06871 /* Debug */ = {
			isa = XCBuildConfiguration;
			buildSettings = {
				ALWAYS_SEARCH_USER_PATHS = NO;
				CLANG_CXX_LANGUAGE_STANDARD = "gnu++0x";
				CLANG_CXX_LIBRARY = "libc++";
				CLANG_ENABLE_MODULES = YES;
				CLANG_ENABLE_OBJC_ARC = YES;
				CLANG_WARN_BOOL_CONVERSION = YES;
				CLANG_WARN_CONSTANT_CONVERSION = YES;
				CLANG_WARN_DIRECT_OBJC_ISA_USAGE = YES_ERROR;
				CLANG_WARN_EMPTY_BODY = YES;
				CLANG_WARN_ENUM_CONVERSION = YES;
				CLANG_WARN_INT_CONVERSION = YES;
				CLANG_WARN_OBJC_ROOT_CLASS = YES_ERROR;
				CLANG_WARN_UNREACHABLE_CODE = YES;
				CLANG_WARN__DUPLICATE_METHOD_MATCH = YES;
				CODE_SIGN_IDENTITY = "-";
				COPY_PHASE_STRIP = NO;
				DEBUG_INFORMATION_FORMAT = dwarf;
				ENABLE_STRICT_OBJC_MSGSEND = YES;
				ENABLE_TESTABILITY = YES;
				GCC_C_LANGUAGE_STANDARD = gnu99;
				GCC_DYNAMIC_NO_PIC = NO;
				GCC_NO_COMMON_BLOCKS = YES;
				GCC_OPTIMIZATION_LEVEL = 0;
				GCC_PREPROCESSOR_DEFINITIONS = (
					"DEBUG=1",
					"$(inherited)",
				);
				GCC_WARN_64_TO_32_BIT_CONVERSION = YES;
				GCC_WARN_ABOUT_RETURN_TYPE = YES_ERROR;
				GCC_WARN_UNDECLARED_SELECTOR = YES;
				GCC_WARN_UNINITIALIZED_AUTOS = YES_AGGRESSIVE;
				GCC_WARN_UNUSED_FUNCTION = YES;
				GCC_WARN_UNUSED_VARIABLE = YES;
				MACOSX_DEPLOYMENT_TARGET = 10.9;
				MTL_ENABLE_DEBUG_INFO = YES;
				ONLY_ACTIVE_ARCH = YES;
				SDKROOT = macosx;
				SWIFT_OPTIMIZATION_LEVEL = "-Onone";
			};
			name = Debug;
		};
		A403B6401C4B2F7600C06871 /* Release */ = {
			isa = XCBuildConfiguration;
			buildSettings = {
				ALWAYS_SEARCH_USER_PATHS = NO;
				CLANG_CXX_LANGUAGE_STANDARD = "gnu++0x";
				CLANG_CXX_LIBRARY = "libc++";
				CLANG_ENABLE_MODULES = YES;
				CLANG_ENABLE_OBJC_ARC = YES;
				CLANG_WARN_BOOL_CONVERSION = YES;
				CLANG_WARN_CONSTANT_CONVERSION = YES;
				CLANG_WARN_DIRECT_OBJC_ISA_USAGE = YES_ERROR;
				CLANG_WARN_EMPTY_BODY = YES;
				CLANG_WARN_ENUM_CONVERSION = YES;
				CLANG_WARN_INT_CONVERSION = YES;
				CLANG_WARN_OBJC_ROOT_CLASS = YES_ERROR;
				CLANG_WARN_UNREACHABLE_CODE = YES;
				CLANG_WARN__DUPLICATE_METHOD_MATCH = YES;
				CODE_SIGN_IDENTITY = "-";
				COPY_PHASE_STRIP = NO;
				DEBUG_INFORMATION_FORMAT = "dwarf-with-dsym";
				ENABLE_NS_ASSERTIONS = NO;
				ENABLE_STRICT_OBJC_MSGSEND = YES;
				GCC_C_LANGUAGE_STANDARD = gnu99;
				GCC_NO_COMMON_BLOCKS = YES;
				GCC_WARN_64_TO_32_BIT_CONVERSION = YES;
				GCC_WARN_ABOUT_RETURN_TYPE = YES_ERROR;
				GCC_WARN_UNDECLARED_SELECTOR = YES;
				GCC_WARN_UNINITIALIZED_AUTOS = YES_AGGRESSIVE;
				GCC_WARN_UNUSED_FUNCTION = YES;
				GCC_WARN_UNUSED_VARIABLE = YES;
				MACOSX_DEPLOYMENT_TARGET = 10.9;
				MTL_ENABLE_DEBUG_INFO = NO;
				SDKROOT = macosx;
			};
			name = Release;
		};
		A403B6421C4B2F7600C06871 /* Debug */ = {
			isa = XCBuildConfiguration;
			buildSettings = {
				ASSETCATALOG_COMPILER_APPICON_NAME = AppIcon;
				CODE_SIGN_ENTITLEMENTS = "Phantom of the West/Phantom of the West.entitlements";
				CODE_SIGN_IDENTITY = "Mac Developer";
				"CODE_SIGN_IDENTITY[sdk=macosx*]" = "Mac Developer";
				COMBINE_HIDPI_IMAGES = YES;
				INFOPLIST_FILE = "Phantom of the West/Info.plist";
				LD_RUNPATH_SEARCH_PATHS = "$(inherited) @executable_path/../Frameworks";
				PRODUCT_BUNDLE_IDENTIFIER = "com.Christopher-Raleigh.Mac.Phantom-of-the-West";
				PRODUCT_NAME = "$(TARGET_NAME)";
				PROVISIONING_PROFILE = "";
			};
			name = Debug;
		};
		A403B6431C4B2F7600C06871 /* Release */ = {
			isa = XCBuildConfiguration;
			buildSettings = {
				ASSETCATALOG_COMPILER_APPICON_NAME = AppIcon;
				CODE_SIGN_ENTITLEMENTS = "Phantom of the West/Phantom of the West.entitlements";
				CODE_SIGN_IDENTITY = "Mac Developer";
				"CODE_SIGN_IDENTITY[sdk=macosx*]" = "Mac Developer";
				COMBINE_HIDPI_IMAGES = YES;
				INFOPLIST_FILE = "Phantom of the West/Info.plist";
				LD_RUNPATH_SEARCH_PATHS = "$(inherited) @executable_path/../Frameworks";
				PRODUCT_BUNDLE_IDENTIFIER = "com.Christopher-Raleigh.Mac.Phantom-of-the-West";
				PRODUCT_NAME = "$(TARGET_NAME)";
				PROVISIONING_PROFILE = "";
			};
			name = Release;
		};
/* End XCBuildConfiguration section */

/* Begin XCConfigurationList section */
		A403B62F1C4B2F7600C06871 /* Build configuration list for PBXProject "Phantom of the West" */ = {
			isa = XCConfigurationList;
			buildConfigurations = (
				A403B63F1C4B2F7600C06871 /* Debug */,
				A403B6401C4B2F7600C06871 /* Release */,
			);
			defaultConfigurationIsVisible = 0;
			defaultConfigurationName = Release;
		};
		A403B6411C4B2F7600C06871 /* Build configuration list for PBXNativeTarget "Phantom of the West" */ = {
			isa = XCConfigurationList;
			buildConfigurations = (
				A403B6421C4B2F7600C06871 /* Debug */,
				A403B6431C4B2F7600C06871 /* Release */,
			);
			defaultConfigurationIsVisible = 0;
		};
/* End XCConfigurationList section */
	};
	rootObject = A403B62C1C4B2F7600C06871 /* Project object */;
}
