// !$*UTF8*$!
{
	archiveVersion = 1;
	classes = {
	};
	objectVersion = 46;
	objects = {

/* Begin PBXBuildFile section */
		A42266741B12AA7A00D7F520 /* main.m in Sources */ = {isa = PBXBuildFile; fileRef = A42266731B12AA7A00D7F520 /* main.m */; };
		A42266771B12AA7A00D7F520 /* AppDelegate.m in Sources */ = {isa = PBXBuildFile; fileRef = A42266761B12AA7A00D7F520 /* AppDelegate.m */; };
		A422667A1B12AA7A00D7F520 /* ViewController.m in Sources */ = {isa = PBXBuildFile; fileRef = A42266791B12AA7A00D7F520 /* ViewController.m */; };
		A422667D1B12AA7A00D7F520 /* Main.storyboard in Resources */ = {isa = PBXBuildFile; fileRef = A422667B1B12AA7A00D7F520 /* Main.storyboard */; };
		A422667F1B12AA7A00D7F520 /* Images.xcassets in Resources */ = {isa = PBXBuildFile; fileRef = A422667E1B12AA7A00D7F520 /* Images.xcassets */; };
		A42266821B12AA7A00D7F520 /* LaunchScreen.xib in Resources */ = {isa = PBXBuildFile; fileRef = A42266801B12AA7A00D7F520 /* LaunchScreen.xib */; };
		A422668E1B12AA7A00D7F520 /* Phantom_of_the_WestTests.m in Sources */ = {isa = PBXBuildFile; fileRef = A422668D1B12AA7A00D7F520 /* Phantom_of_the_WestTests.m */; };
		A42266A71B12ACF100D7F520 /* Advertising.m in Sources */ = {isa = PBXBuildFile; fileRef = A42266981B12ACF100D7F520 /* Advertising.m */; };
		A42266AA1B12ACF100D7F520 /* GameView.mm in Sources */ = {isa = PBXBuildFile; fileRef = A422669F1B12ACF100D7F520 /* GameView.mm */; };
		A42266AB1B12ACF100D7F520 /* StoryViewIOS.mm in Sources */ = {isa = PBXBuildFile; fileRef = A42266A21B12ACF100D7F520 /* StoryViewIOS.mm */; };
		A42266AC1B12ACF100D7F520 /* StoryViewIOSCPP.mm in Sources */ = {isa = PBXBuildFile; fileRef = A42266A41B12ACF100D7F520 /* StoryViewIOSCPP.mm */; };
		A42266AD1B12ACF100D7F520 /* StoryViewIOSObjC.mm in Sources */ = {isa = PBXBuildFile; fileRef = A42266A61B12ACF100D7F520 /* StoryViewIOSObjC.mm */; };
		A42267181B12BA7100D7F520 /* ModifyableChoiceList.cpp in Sources */ = {isa = PBXBuildFile; fileRef = A42266F51B12BA7100D7F520 /* ModifyableChoiceList.cpp */; };
		A42267191B12BA7100D7F520 /* Journalist-in-Shower.png in Resources */ = {isa = PBXBuildFile; fileRef = A42266F91B12BA7100D7F520 /* Journalist-in-Shower.png */; };
		A422671A1B12BA7100D7F520 /* Phantom-Icon-100.png in Resources */ = {isa = PBXBuildFile; fileRef = A42266FB1B12BA7100D7F520 /* Phantom-Icon-100.png */; };
		A422671B1B12BA7100D7F520 /* Phantom-Icon-114.png in Resources */ = {isa = PBXBuildFile; fileRef = A42266FC1B12BA7100D7F520 /* Phantom-Icon-114.png */; };
		A422671C1B12BA7100D7F520 /* Phantom-Icon-120.png in Resources */ = {isa = PBXBuildFile; fileRef = A42266FD1B12BA7100D7F520 /* Phantom-Icon-120.png */; };
		A422671D1B12BA7100D7F520 /* Phantom-Icon-144.png in Resources */ = {isa = PBXBuildFile; fileRef = A42266FE1B12BA7100D7F520 /* Phantom-Icon-144.png */; };
		A422671E1B12BA7100D7F520 /* Phantom-Icon-152.png in Resources */ = {isa = PBXBuildFile; fileRef = A42266FF1B12BA7100D7F520 /* Phantom-Icon-152.png */; };
		A422671F1B12BA7100D7F520 /* Phantom-Icon-172.png in Resources */ = {isa = PBXBuildFile; fileRef = A42267001B12BA7100D7F520 /* Phantom-Icon-172.png */; };
		A42267201B12BA7100D7F520 /* Phantom-Icon-180.png in Resources */ = {isa = PBXBuildFile; fileRef = A42267011B12BA7100D7F520 /* Phantom-Icon-180.png */; };
		A42267211B12BA7100D7F520 /* Phantom-Icon-196.png in Resources */ = {isa = PBXBuildFile; fileRef = A42267021B12BA7100D7F520 /* Phantom-Icon-196.png */; };
		A42267221B12BA7100D7F520 /* Phantom-Icon-29.png in Resources */ = {isa = PBXBuildFile; fileRef = A42267031B12BA7100D7F520 /* Phantom-Icon-29.png */; };
		A42267231B12BA7100D7F520 /* Phantom-Icon-40.png in Resources */ = {isa = PBXBuildFile; fileRef = A42267041B12BA7100D7F520 /* Phantom-Icon-40.png */; };
		A42267241B12BA7100D7F520 /* Phantom-Icon-48.png in Resources */ = {isa = PBXBuildFile; fileRef = A42267051B12BA7100D7F520 /* Phantom-Icon-48.png */; };
		A42267251B12BA7100D7F520 /* Phantom-Icon-50.png in Resources */ = {isa = PBXBuildFile; fileRef = A42267061B12BA7100D7F520 /* Phantom-Icon-50.png */; };
		A42267261B12BA7100D7F520 /* Phantom-Icon-55.png in Resources */ = {isa = PBXBuildFile; fileRef = A42267071B12BA7100D7F520 /* Phantom-Icon-55.png */; };
		A42267271B12BA7100D7F520 /* Phantom-Icon-57.png in Resources */ = {isa = PBXBuildFile; fileRef = A42267081B12BA7100D7F520 /* Phantom-Icon-57.png */; };
		A42267281B12BA7100D7F520 /* Phantom-Icon-58.png in Resources */ = {isa = PBXBuildFile; fileRef = A42267091B12BA7100D7F520 /* Phantom-Icon-58.png */; };
		A42267291B12BA7100D7F520 /* Phantom-Icon-72.png in Resources */ = {isa = PBXBuildFile; fileRef = A422670A1B12BA7100D7F520 /* Phantom-Icon-72.png */; };
		A422672A1B12BA7100D7F520 /* Phantom-Icon-76.png in Resources */ = {isa = PBXBuildFile; fileRef = A422670B1B12BA7100D7F520 /* Phantom-Icon-76.png */; };
		A422672B1B12BA7100D7F520 /* Phantom-Icon-80.png in Resources */ = {isa = PBXBuildFile; fileRef = A422670C1B12BA7100D7F520 /* Phantom-Icon-80.png */; };
		A422672C1B12BA7100D7F520 /* Phantom-Icon-87.png in Resources */ = {isa = PBXBuildFile; fileRef = A422670D1B12BA7100D7F520 /* Phantom-Icon-87.png */; };
		A422672D1B12BA7100D7F520 /* Phantom-Icon-88.png in Resources */ = {isa = PBXBuildFile; fileRef = A422670E1B12BA7100D7F520 /* Phantom-Icon-88.png */; };
		A422672E1B12BA7100D7F520 /* Phantom-Icon.png in Resources */ = {isa = PBXBuildFile; fileRef = A422670F1B12BA7100D7F520 /* Phantom-Icon.png */; };
		A422672F1B12BA7100D7F520 /* ChoiceToBlueZone.cpp in Sources */ = {isa = PBXBuildFile; fileRef = A42267111B12BA7100D7F520 /* ChoiceToBlueZone.cpp */; };
		A42267301B12BA7100D7F520 /* ChoiceToGreenZone.cpp in Sources */ = {isa = PBXBuildFile; fileRef = A42267131B12BA7100D7F520 /* ChoiceToGreenZone.cpp */; };
		A42267311B12BA7100D7F520 /* RedZone.cpp in Sources */ = {isa = PBXBuildFile; fileRef = A42267151B12BA7100D7F520 /* RedZone.cpp */; };
		A42267341B12BF5E00D7F520 /* Page.cpp in Sources */ = {isa = PBXBuildFile; fileRef = A42267321B12BF5E00D7F520 /* Page.cpp */; };
/* End PBXBuildFile section */

/* Begin PBXContainerItemProxy section */
		A42266881B12AA7A00D7F520 /* PBXContainerItemProxy */ = {
			isa = PBXContainerItemProxy;
			containerPortal = A42266661B12AA7A00D7F520 /* Project object */;
			proxyType = 1;
			remoteGlobalIDString = A422666D1B12AA7A00D7F520;
			remoteInfo = "Phantom of the West";
		};
/* End PBXContainerItemProxy section */

/* Begin PBXFileReference section */
		A422666E1B12AA7A00D7F520 /* Phantom of the West.app */ = {isa = PBXFileReference; explicitFileType = wrapper.application; includeInIndex = 0; path = "Phantom of the West.app"; sourceTree = BUILT_PRODUCTS_DIR; };
		A42266721B12AA7A00D7F520 /* Info.plist */ = {isa = PBXFileReference; lastKnownFileType = text.plist.xml; path = Info.plist; sourceTree = "<group>"; };
		A42266731B12AA7A00D7F520 /* main.m */ = {isa = PBXFileReference; lastKnownFileType = sourcecode.c.objc; path = main.m; sourceTree = "<group>"; };
		A42266751B12AA7A00D7F520 /* AppDelegate.h */ = {isa = PBXFileReference; lastKnownFileType = sourcecode.c.h; path = AppDelegate.h; sourceTree = "<group>"; };
		A42266761B12AA7A00D7F520 /* AppDelegate.m */ = {isa = PBXFileReference; lastKnownFileType = sourcecode.c.objc; path = AppDelegate.m; sourceTree = "<group>"; };
		A42266781B12AA7A00D7F520 /* ViewController.h */ = {isa = PBXFileReference; lastKnownFileType = sourcecode.c.h; path = ViewController.h; sourceTree = "<group>"; };
		A42266791B12AA7A00D7F520 /* ViewController.m */ = {isa = PBXFileReference; lastKnownFileType = sourcecode.c.objc; path = ViewController.m; sourceTree = "<group>"; };
		A422667C1B12AA7A00D7F520 /* Base */ = {isa = PBXFileReference; lastKnownFileType = file.storyboard; name = Base; path = Base.lproj/Main.storyboard; sourceTree = "<group>"; };
		A422667E1B12AA7A00D7F520 /* Images.xcassets */ = {isa = PBXFileReference; lastKnownFileType = folder.assetcatalog; path = Images.xcassets; sourceTree = "<group>"; };
		A42266811B12AA7A00D7F520 /* Base */ = {isa = PBXFileReference; lastKnownFileType = file.xib; name = Base; path = Base.lproj/LaunchScreen.xib; sourceTree = "<group>"; };
		A42266871B12AA7A00D7F520 /* Phantom of the WestTests.xctest */ = {isa = PBXFileReference; explicitFileType = wrapper.cfbundle; includeInIndex = 0; path = "Phantom of the WestTests.xctest"; sourceTree = BUILT_PRODUCTS_DIR; };
		A422668C1B12AA7A00D7F520 /* Info.plist */ = {isa = PBXFileReference; lastKnownFileType = text.plist.xml; path = Info.plist; sourceTree = "<group>"; };
		A422668D1B12AA7A00D7F520 /* Phantom_of_the_WestTests.m */ = {isa = PBXFileReference; lastKnownFileType = sourcecode.c.objc; path = Phantom_of_the_WestTests.m; sourceTree = "<group>"; };
		A42266971B12ACF100D7F520 /* Advertising.h */ = {isa = PBXFileReference; fileEncoding = 4; lastKnownFileType = sourcecode.c.h; path = Advertising.h; sourceTree = "<group>"; };
		A42266981B12ACF100D7F520 /* Advertising.m */ = {isa = PBXFileReference; fileEncoding = 4; lastKnownFileType = sourcecode.c.objc; path = Advertising.m; sourceTree = "<group>"; };
		A422669E1B12ACF100D7F520 /* GameView.h */ = {isa = PBXFileReference; fileEncoding = 4; lastKnownFileType = sourcecode.c.h; path = GameView.h; sourceTree = "<group>"; };
		A422669F1B12ACF100D7F520 /* GameView.mm */ = {isa = PBXFileReference; fileEncoding = 4; lastKnownFileType = sourcecode.cpp.objcpp; path = GameView.mm; sourceTree = "<group>"; };
		A42266A01B12ACF100D7F520 /* PStoryViewObjC.h */ = {isa = PBXFileReference; fileEncoding = 4; lastKnownFileType = sourcecode.c.h; path = PStoryViewObjC.h; sourceTree = "<group>"; };
		A42266A11B12ACF100D7F520 /* StoryViewIOS.h */ = {isa = PBXFileReference; fileEncoding = 4; lastKnownFileType = sourcecode.c.h; path = StoryViewIOS.h; sourceTree = "<group>"; };
		A42266A21B12ACF100D7F520 /* StoryViewIOS.mm */ = {isa = PBXFileReference; fileEncoding = 4; lastKnownFileType = sourcecode.cpp.objcpp; path = StoryViewIOS.mm; sourceTree = "<group>"; };
		A42266A31B12ACF100D7F520 /* StoryViewIOSCPP.h */ = {isa = PBXFileReference; fileEncoding = 4; lastKnownFileType = sourcecode.c.h; path = StoryViewIOSCPP.h; sourceTree = "<group>"; };
		A42266A41B12ACF100D7F520 /* StoryViewIOSCPP.mm */ = {isa = PBXFileReference; fileEncoding = 4; lastKnownFileType = sourcecode.cpp.objcpp; path = StoryViewIOSCPP.mm; sourceTree = "<group>"; };
		A42266A51B12ACF100D7F520 /* StoryViewIOSObjC.h */ = {isa = PBXFileReference; fileEncoding = 4; lastKnownFileType = sourcecode.c.h; path = StoryViewIOSObjC.h; sourceTree = "<group>"; };
		A42266A61B12ACF100D7F520 /* StoryViewIOSObjC.mm */ = {isa = PBXFileReference; fileEncoding = 4; lastKnownFileType = sourcecode.cpp.objcpp; path = StoryViewIOSObjC.mm; sourceTree = "<group>"; };
		A42266F21B12BA7100D7F520 /* IChoiceList.h */ = {isa = PBXFileReference; fileEncoding = 4; lastKnownFileType = sourcecode.c.h; path = IChoiceList.h; sourceTree = "<group>"; };
		A42266F31B12BA7100D7F520 /* IPage.h */ = {isa = PBXFileReference; fileEncoding = 4; lastKnownFileType = sourcecode.c.h; path = IPage.h; sourceTree = "<group>"; usesTabs = 0; };
		A42266F41B12BA7100D7F520 /* IStoryView.h */ = {isa = PBXFileReference; fileEncoding = 4; lastKnownFileType = sourcecode.c.h; path = IStoryView.h; sourceTree = "<group>"; };
		A42266F51B12BA7100D7F520 /* ModifyableChoiceList.cpp */ = {isa = PBXFileReference; fileEncoding = 4; lastKnownFileType = sourcecode.cpp.cpp; path = ModifyableChoiceList.cpp; sourceTree = "<group>"; };
		A42266F61B12BA7100D7F520 /* ModifyableChoiceList.h */ = {isa = PBXFileReference; fileEncoding = 4; lastKnownFileType = sourcecode.c.h; path = ModifyableChoiceList.h; sourceTree = "<group>"; };
		A42266F91B12BA7100D7F520 /* Journalist-in-Shower.png */ = {isa = PBXFileReference; lastKnownFileType = image.png; path = "Journalist-in-Shower.png"; sourceTree = "<group>"; };
		A42266FB1B12BA7100D7F520 /* Phantom-Icon-100.png */ = {isa = PBXFileReference; lastKnownFileType = image.png; path = "Phantom-Icon-100.png"; sourceTree = "<group>"; };
		A42266FC1B12BA7100D7F520 /* Phantom-Icon-114.png */ = {isa = PBXFileReference; lastKnownFileType = image.png; path = "Phantom-Icon-114.png"; sourceTree = "<group>"; };
		A42266FD1B12BA7100D7F520 /* Phantom-Icon-120.png */ = {isa = PBXFileReference; lastKnownFileType = image.png; path = "Phantom-Icon-120.png"; sourceTree = "<group>"; };
		A42266FE1B12BA7100D7F520 /* Phantom-Icon-144.png */ = {isa = PBXFileReference; lastKnownFileType = image.png; path = "Phantom-Icon-144.png"; sourceTree = "<group>"; };
		A42266FF1B12BA7100D7F520 /* Phantom-Icon-152.png */ = {isa = PBXFileReference; lastKnownFileType = image.png; path = "Phantom-Icon-152.png"; sourceTree = "<group>"; };
		A42267001B12BA7100D7F520 /* Phantom-Icon-172.png */ = {isa = PBXFileReference; lastKnownFileType = image.png; path = "Phantom-Icon-172.png"; sourceTree = "<group>"; };
		A42267011B12BA7100D7F520 /* Phantom-Icon-180.png */ = {isa = PBXFileReference; lastKnownFileType = image.png; path = "Phantom-Icon-180.png"; sourceTree = "<group>"; };
		A42267021B12BA7100D7F520 /* Phantom-Icon-196.png */ = {isa = PBXFileReference; lastKnownFileType = image.png; path = "Phantom-Icon-196.png"; sourceTree = "<group>"; };
		A42267031B12BA7100D7F520 /* Phantom-Icon-29.png */ = {isa = PBXFileReference; lastKnownFileType = image.png; path = "Phantom-Icon-29.png"; sourceTree = "<group>"; };
		A42267041B12BA7100D7F520 /* Phantom-Icon-40.png */ = {isa = PBXFileReference; lastKnownFileType = image.png; path = "Phantom-Icon-40.png"; sourceTree = "<group>"; };
		A42267051B12BA7100D7F520 /* Phantom-Icon-48.png */ = {isa = PBXFileReference; lastKnownFileType = image.png; path = "Phantom-Icon-48.png"; sourceTree = "<group>"; };
		A42267061B12BA7100D7F520 /* Phantom-Icon-50.png */ = {isa = PBXFileReference; lastKnownFileType = image.png; path = "Phantom-Icon-50.png"; sourceTree = "<group>"; };
		A42267071B12BA7100D7F520 /* Phantom-Icon-55.png */ = {isa = PBXFileReference; lastKnownFileType = image.png; path = "Phantom-Icon-55.png"; sourceTree = "<group>"; };
		A42267081B12BA7100D7F520 /* Phantom-Icon-57.png */ = {isa = PBXFileReference; lastKnownFileType = image.png; path = "Phantom-Icon-57.png"; sourceTree = "<group>"; };
		A42267091B12BA7100D7F520 /* Phantom-Icon-58.png */ = {isa = PBXFileReference; lastKnownFileType = image.png; path = "Phantom-Icon-58.png"; sourceTree = "<group>"; };
		A422670A1B12BA7100D7F520 /* Phantom-Icon-72.png */ = {isa = PBXFileReference; lastKnownFileType = image.png; path = "Phantom-Icon-72.png"; sourceTree = "<group>"; };
		A422670B1B12BA7100D7F520 /* Phantom-Icon-76.png */ = {isa = PBXFileReference; lastKnownFileType = image.png; path = "Phantom-Icon-76.png"; sourceTree = "<group>"; };
		A422670C1B12BA7100D7F520 /* Phantom-Icon-80.png */ = {isa = PBXFileReference; lastKnownFileType = image.png; path = "Phantom-Icon-80.png"; sourceTree = "<group>"; };
		A422670D1B12BA7100D7F520 /* Phantom-Icon-87.png */ = {isa = PBXFileReference; lastKnownFileType = image.png; path = "Phantom-Icon-87.png"; sourceTree = "<group>"; };
		A422670E1B12BA7100D7F520 /* Phantom-Icon-88.png */ = {isa = PBXFileReference; lastKnownFileType = image.png; path = "Phantom-Icon-88.png"; sourceTree = "<group>"; };
		A422670F1B12BA7100D7F520 /* Phantom-Icon.png */ = {isa = PBXFileReference; lastKnownFileType = image.png; path = "Phantom-Icon.png"; sourceTree = "<group>"; };
		A42267111B12BA7100D7F520 /* ChoiceToBlueZone.cpp */ = {isa = PBXFileReference; fileEncoding = 4; lastKnownFileType = sourcecode.cpp.cpp; path = ChoiceToBlueZone.cpp; sourceTree = "<group>"; };
		A42267121B12BA7100D7F520 /* ChoiceToBlueZone.h */ = {isa = PBXFileReference; fileEncoding = 4; lastKnownFileType = sourcecode.c.h; path = ChoiceToBlueZone.h; sourceTree = "<group>"; };
		A42267131B12BA7100D7F520 /* ChoiceToGreenZone.cpp */ = {isa = PBXFileReference; fileEncoding = 4; lastKnownFileType = sourcecode.cpp.cpp; path = ChoiceToGreenZone.cpp; sourceTree = "<group>"; };
		A42267141B12BA7100D7F520 /* ChoiceToGreenZone.h */ = {isa = PBXFileReference; fileEncoding = 4; lastKnownFileType = sourcecode.c.h; path = ChoiceToGreenZone.h; sourceTree = "<group>"; };
		A42267151B12BA7100D7F520 /* RedZone.cpp */ = {isa = PBXFileReference; fileEncoding = 4; lastKnownFileType = sourcecode.cpp.cpp; path = RedZone.cpp; sourceTree = "<group>"; };
		A42267161B12BA7100D7F520 /* RedZone.h */ = {isa = PBXFileReference; fileEncoding = 4; lastKnownFileType = sourcecode.c.h; path = RedZone.h; sourceTree = "<group>"; };
		A42267171B12BA7100D7F520 /* stdafx.h */ = {isa = PBXFileReference; fileEncoding = 4; lastKnownFileType = sourcecode.c.h; path = stdafx.h; sourceTree = "<group>"; };
		A42267321B12BF5E00D7F520 /* Page.cpp */ = {isa = PBXFileReference; fileEncoding = 4; lastKnownFileType = sourcecode.cpp.cpp; path = Page.cpp; sourceTree = "<group>"; };
		A42267331B12BF5E00D7F520 /* Page.h */ = {isa = PBXFileReference; fileEncoding = 4; lastKnownFileType = sourcecode.c.h; lineEnding = 2; path = Page.h; sourceTree = "<group>"; };
/* End PBXFileReference section */

/* Begin PBXFrameworksBuildPhase section */
		A422666B1B12AA7A00D7F520 /* Frameworks */ = {
			isa = PBXFrameworksBuildPhase;
			buildActionMask = 2147483647;
			files = (
			);
			runOnlyForDeploymentPostprocessing = 0;
		};
		A42266841B12AA7A00D7F520 /* Frameworks */ = {
			isa = PBXFrameworksBuildPhase;
			buildActionMask = 2147483647;
			files = (
			);
			runOnlyForDeploymentPostprocessing = 0;
		};
/* End PBXFrameworksBuildPhase section */

/* Begin PBXGroup section */
		A42266651B12AA7A00D7F520 = {
			isa = PBXGroup;
			children = (
				A42266701B12AA7A00D7F520 /* Phantom of the West */,
				A422668A1B12AA7A00D7F520 /* Phantom of the WestTests */,
				A422666F1B12AA7A00D7F520 /* Products */,
			);
			sourceTree = "<group>";
		};
		A422666F1B12AA7A00D7F520 /* Products */ = {
			isa = PBXGroup;
			children = (
				A422666E1B12AA7A00D7F520 /* Phantom of the West.app */,
				A42266871B12AA7A00D7F520 /* Phantom of the WestTests.xctest */,
			);
			name = Products;
			sourceTree = "<group>";
		};
		A42266701B12AA7A00D7F520 /* Phantom of the West */ = {
			isa = PBXGroup;
			children = (
				A42266F01B12BA7100D7F520 /* Common Files */,
				A42266EF1B12AE3C00D7F520 /* In-App Purchasing */,
				A42266EE1B12AE1100D7F520 /* Story View */,
				A42266751B12AA7A00D7F520 /* AppDelegate.h */,
				A42266761B12AA7A00D7F520 /* AppDelegate.m */,
				A42266781B12AA7A00D7F520 /* ViewController.h */,
				A42266791B12AA7A00D7F520 /* ViewController.m */,
				A422667B1B12AA7A00D7F520 /* Main.storyboard */,
				A422667E1B12AA7A00D7F520 /* Images.xcassets */,
				A42266801B12AA7A00D7F520 /* LaunchScreen.xib */,
				A42266711B12AA7A00D7F520 /* Supporting Files */,
			);
			path = "Phantom of the West";
			sourceTree = "<group>";
		};
		A42266711B12AA7A00D7F520 /* Supporting Files */ = {
			isa = PBXGroup;
			children = (
				A42266721B12AA7A00D7F520 /* Info.plist */,
				A42266731B12AA7A00D7F520 /* main.m */,
			);
			name = "Supporting Files";
			sourceTree = "<group>";
		};
		A422668A1B12AA7A00D7F520 /* Phantom of the WestTests */ = {
			isa = PBXGroup;
			children = (
				A422668D1B12AA7A00D7F520 /* Phantom_of_the_WestTests.m */,
				A422668B1B12AA7A00D7F520 /* Supporting Files */,
			);
			path = "Phantom of the WestTests";
			sourceTree = "<group>";
		};
		A422668B1B12AA7A00D7F520 /* Supporting Files */ = {
			isa = PBXGroup;
			children = (
				A422668C1B12AA7A00D7F520 /* Info.plist */,
			);
			name = "Supporting Files";
			sourceTree = "<group>";
		};
		A42266EE1B12AE1100D7F520 /* Story View */ = {
			isa = PBXGroup;
			children = (
				A422669E1B12ACF100D7F520 /* GameView.h */,
				A422669F1B12ACF100D7F520 /* GameView.mm */,
				A42266A01B12ACF100D7F520 /* PStoryViewObjC.h */,
				A42266A11B12ACF100D7F520 /* StoryViewIOS.h */,
				A42266A21B12ACF100D7F520 /* StoryViewIOS.mm */,
				A42266A31B12ACF100D7F520 /* StoryViewIOSCPP.h */,
				A42266A41B12ACF100D7F520 /* StoryViewIOSCPP.mm */,
				A42266A51B12ACF100D7F520 /* StoryViewIOSObjC.h */,
				A42266A61B12ACF100D7F520 /* StoryViewIOSObjC.mm */,
			);
			name = "Story View";
			sourceTree = "<group>";
		};
		A42266EF1B12AE3C00D7F520 /* In-App Purchasing */ = {
			isa = PBXGroup;
			children = (
				A42266971B12ACF100D7F520 /* Advertising.h */,
				A42266981B12ACF100D7F520 /* Advertising.m */,
			);
			name = "In-App Purchasing";
			sourceTree = "<group>";
		};
		A42266F01B12BA7100D7F520 /* Common Files */ = {
			isa = PBXGroup;
			children = (
				A42266F11B12BA7100D7F520 /* Abstract Classes */,
				A42266F71B12BA7100D7F520 /* Images */,
				A42267101B12BA7100D7F520 /* Pages */,
				A42267171B12BA7100D7F520 /* stdafx.h */,
			);
			name = "Common Files";
			path = "../../../Common Files";
			sourceTree = "<group>";
		};
		A42266F11B12BA7100D7F520 /* Abstract Classes */ = {
			isa = PBXGroup;
			children = (
				A42266F21B12BA7100D7F520 /* IChoiceList.h */,
				A42266F31B12BA7100D7F520 /* IPage.h */,
				A42266F41B12BA7100D7F520 /* IStoryView.h */,
				A42266F51B12BA7100D7F520 /* ModifyableChoiceList.cpp */,
				A42266F61B12BA7100D7F520 /* ModifyableChoiceList.h */,
				A42267321B12BF5E00D7F520 /* Page.cpp */,
				A42267331B12BF5E00D7F520 /* Page.h */,
			);
			path = "Abstract Classes";
			sourceTree = "<group>";
		};
		A42266F71B12BA7100D7F520 /* Images */ = {
			isa = PBXGroup;
			children = (
				A42266F81B12BA7100D7F520 /* Backgrounds */,
				A42266FA1B12BA7100D7F520 /* Icons */,
			);
			path = Images;
			sourceTree = "<group>";
		};
		A42266F81B12BA7100D7F520 /* Backgrounds */ = {
			isa = PBXGroup;
			children = (
				A42266F91B12BA7100D7F520 /* Journalist-in-Shower.png */,
			);
			path = Backgrounds;
			sourceTree = "<group>";
		};
		A42266FA1B12BA7100D7F520 /* Icons */ = {
			isa = PBXGroup;
			children = (
				A42266FB1B12BA7100D7F520 /* Phantom-Icon-100.png */,
				A42266FC1B12BA7100D7F520 /* Phantom-Icon-114.png */,
				A42266FD1B12BA7100D7F520 /* Phantom-Icon-120.png */,
				A42266FE1B12BA7100D7F520 /* Phantom-Icon-144.png */,
				A42266FF1B12BA7100D7F520 /* Phantom-Icon-152.png */,
				A42267001B12BA7100D7F520 /* Phantom-Icon-172.png */,
				A42267011B12BA7100D7F520 /* Phantom-Icon-180.png */,
				A42267021B12BA7100D7F520 /* Phantom-Icon-196.png */,
				A42267031B12BA7100D7F520 /* Phantom-Icon-29.png */,
				A42267041B12BA7100D7F520 /* Phantom-Icon-40.png */,
				A42267051B12BA7100D7F520 /* Phantom-Icon-48.png */,
				A42267061B12BA7100D7F520 /* Phantom-Icon-50.png */,
				A42267071B12BA7100D7F520 /* Phantom-Icon-55.png */,
				A42267081B12BA7100D7F520 /* Phantom-Icon-57.png */,
				A42267091B12BA7100D7F520 /* Phantom-Icon-58.png */,
				A422670A1B12BA7100D7F520 /* Phantom-Icon-72.png */,
				A422670B1B12BA7100D7F520 /* Phantom-Icon-76.png */,
				A422670C1B12BA7100D7F520 /* Phantom-Icon-80.png */,
				A422670D1B12BA7100D7F520 /* Phantom-Icon-87.png */,
				A422670E1B12BA7100D7F520 /* Phantom-Icon-88.png */,
				A422670F1B12BA7100D7F520 /* Phantom-Icon.png */,
			);
			path = Icons;
			sourceTree = "<group>";
		};
		A42267101B12BA7100D7F520 /* Pages */ = {
			isa = PBXGroup;
			children = (
				A42267111B12BA7100D7F520 /* ChoiceToBlueZone.cpp */,
				A42267121B12BA7100D7F520 /* ChoiceToBlueZone.h */,
				A42267131B12BA7100D7F520 /* ChoiceToGreenZone.cpp */,
				A42267141B12BA7100D7F520 /* ChoiceToGreenZone.h */,
				A42267151B12BA7100D7F520 /* RedZone.cpp */,
				A42267161B12BA7100D7F520 /* RedZone.h */,
			);
			path = Pages;
			sourceTree = "<group>";
		};
/* End PBXGroup section */

/* Begin PBXNativeTarget section */
		A422666D1B12AA7A00D7F520 /* Phantom of the West */ = {
			isa = PBXNativeTarget;
			buildConfigurationList = A42266911B12AA7A00D7F520 /* Build configuration list for PBXNativeTarget "Phantom of the West" */;
			buildPhases = (
				A422666A1B12AA7A00D7F520 /* Sources */,
				A422666B1B12AA7A00D7F520 /* Frameworks */,
				A422666C1B12AA7A00D7F520 /* Resources */,
			);
			buildRules = (
			);
			dependencies = (
			);
			name = "Phantom of the West";
			productName = "Phantom of the West";
			productReference = A422666E1B12AA7A00D7F520 /* Phantom of the West.app */;
			productType = "com.apple.product-type.application";
		};
		A42266861B12AA7A00D7F520 /* Phantom of the WestTests */ = {
			isa = PBXNativeTarget;
			buildConfigurationList = A42266941B12AA7A00D7F520 /* Build configuration list for PBXNativeTarget "Phantom of the WestTests" */;
			buildPhases = (
				A42266831B12AA7A00D7F520 /* Sources */,
				A42266841B12AA7A00D7F520 /* Frameworks */,
				A42266851B12AA7A00D7F520 /* Resources */,
			);
			buildRules = (
			);
			dependencies = (
				A42266891B12AA7A00D7F520 /* PBXTargetDependency */,
			);
			name = "Phantom of the WestTests";
			productName = "Phantom of the WestTests";
			productReference = A42266871B12AA7A00D7F520 /* Phantom of the WestTests.xctest */;
			productType = "com.apple.product-type.bundle.unit-test";
		};
/* End PBXNativeTarget section */

/* Begin PBXProject section */
		A42266661B12AA7A00D7F520 /* Project object */ = {
			isa = PBXProject;
			attributes = {
				LastUpgradeCheck = 0630;
				ORGANIZATIONNAME = "Christopher Raleigh";
				TargetAttributes = {
					A422666D1B12AA7A00D7F520 = {
						CreatedOnToolsVersion = 6.3.2;
					};
					A42266861B12AA7A00D7F520 = {
						CreatedOnToolsVersion = 6.3.2;
						TestTargetID = A422666D1B12AA7A00D7F520;
					};
				};
			};
			buildConfigurationList = A42266691B12AA7A00D7F520 /* Build configuration list for PBXProject "Phantom of the West" */;
			compatibilityVersion = "Xcode 3.2";
			developmentRegion = English;
			hasScannedForEncodings = 0;
			knownRegions = (
				en,
				Base,
			);
			mainGroup = A42266651B12AA7A00D7F520;
			productRefGroup = A422666F1B12AA7A00D7F520 /* Products */;
			projectDirPath = "";
			projectRoot = "";
			targets = (
				A422666D1B12AA7A00D7F520 /* Phantom of the West */,
				A42266861B12AA7A00D7F520 /* Phantom of the WestTests */,
			);
		};
/* End PBXProject section */

/* Begin PBXResourcesBuildPhase section */
		A422666C1B12AA7A00D7F520 /* Resources */ = {
			isa = PBXResourcesBuildPhase;
			buildActionMask = 2147483647;
			files = (
				A422671C1B12BA7100D7F520 /* Phantom-Icon-120.png in Resources */,
				A42267291B12BA7100D7F520 /* Phantom-Icon-72.png in Resources */,
				A422672A1B12BA7100D7F520 /* Phantom-Icon-76.png in Resources */,
				A42267211B12BA7100D7F520 /* Phantom-Icon-196.png in Resources */,
				A42267231B12BA7100D7F520 /* Phantom-Icon-40.png in Resources */,
				A422671E1B12BA7100D7F520 /* Phantom-Icon-152.png in Resources */,
				A422667D1B12AA7A00D7F520 /* Main.storyboard in Resources */,
				A42267251B12BA7100D7F520 /* Phantom-Icon-50.png in Resources */,
				A422672D1B12BA7100D7F520 /* Phantom-Icon-88.png in Resources */,
				A422671D1B12BA7100D7F520 /* Phantom-Icon-144.png in Resources */,
				A42267201B12BA7100D7F520 /* Phantom-Icon-180.png in Resources */,
				A42267271B12BA7100D7F520 /* Phantom-Icon-57.png in Resources */,
				A42267221B12BA7100D7F520 /* Phantom-Icon-29.png in Resources */,
				A422671B1B12BA7100D7F520 /* Phantom-Icon-114.png in Resources */,
				A42267261B12BA7100D7F520 /* Phantom-Icon-55.png in Resources */,
				A42267281B12BA7100D7F520 /* Phantom-Icon-58.png in Resources */,
				A422672E1B12BA7100D7F520 /* Phantom-Icon.png in Resources */,
				A42266821B12AA7A00D7F520 /* LaunchScreen.xib in Resources */,
				A422671A1B12BA7100D7F520 /* Phantom-Icon-100.png in Resources */,
				A42267241B12BA7100D7F520 /* Phantom-Icon-48.png in Resources */,
				A422671F1B12BA7100D7F520 /* Phantom-Icon-172.png in Resources */,
				A422672C1B12BA7100D7F520 /* Phantom-Icon-87.png in Resources */,
				A422667F1B12AA7A00D7F520 /* Images.xcassets in Resources */,
				A422672B1B12BA7100D7F520 /* Phantom-Icon-80.png in Resources */,
				A42267191B12BA7100D7F520 /* Journalist-in-Shower.png in Resources */,
			);
			runOnlyForDeploymentPostprocessing = 0;
		};
		A42266851B12AA7A00D7F520 /* Resources */ = {
			isa = PBXResourcesBuildPhase;
			buildActionMask = 2147483647;
			files = (
			);
			runOnlyForDeploymentPostprocessing = 0;
		};
/* End PBXResourcesBuildPhase section */

/* Begin PBXSourcesBuildPhase section */
		A422666A1B12AA7A00D7F520 /* Sources */ = {
			isa = PBXSourcesBuildPhase;
			buildActionMask = 2147483647;
			files = (
				A42267341B12BF5E00D7F520 /* Page.cpp in Sources */,
				A42266AD1B12ACF100D7F520 /* StoryViewIOSObjC.mm in Sources */,
				A42266AC1B12ACF100D7F520 /* StoryViewIOSCPP.mm in Sources */,
				A42266AB1B12ACF100D7F520 /* StoryViewIOS.mm in Sources */,
				A42266AA1B12ACF100D7F520 /* GameView.mm in Sources */,
				A42266A71B12ACF100D7F520 /* Advertising.m in Sources */,
				A42267181B12BA7100D7F520 /* ModifyableChoiceList.cpp in Sources */,
				A422667A1B12AA7A00D7F520 /* ViewController.m in Sources */,
				A42267301B12BA7100D7F520 /* ChoiceToGreenZone.cpp in Sources */,
				A422672F1B12BA7100D7F520 /* ChoiceToBlueZone.cpp in Sources */,
				A42266771B12AA7A00D7F520 /* AppDelegate.m in Sources */,
				A42266741B12AA7A00D7F520 /* main.m in Sources */,
				A42267311B12BA7100D7F520 /* RedZone.cpp in Sources */,
			);
			runOnlyForDeploymentPostprocessing = 0;
		};
		A42266831B12AA7A00D7F520 /* Sources */ = {
			isa = PBXSourcesBuildPhase;
			buildActionMask = 2147483647;
			files = (
				A422668E1B12AA7A00D7F520 /* Phantom_of_the_WestTests.m in Sources */,
			);
			runOnlyForDeploymentPostprocessing = 0;
		};
/* End PBXSourcesBuildPhase section */

/* Begin PBXTargetDependency section */
		A42266891B12AA7A00D7F520 /* PBXTargetDependency */ = {
			isa = PBXTargetDependency;
			target = A422666D1B12AA7A00D7F520 /* Phantom of the West */;
			targetProxy = A42266881B12AA7A00D7F520 /* PBXContainerItemProxy */;
		};
/* End PBXTargetDependency section */

/* Begin PBXVariantGroup section */
		A422667B1B12AA7A00D7F520 /* Main.storyboard */ = {
			isa = PBXVariantGroup;
			children = (
				A422667C1B12AA7A00D7F520 /* Base */,
			);
			name = Main.storyboard;
			sourceTree = "<group>";
		};
		A42266801B12AA7A00D7F520 /* LaunchScreen.xib */ = {
			isa = PBXVariantGroup;
			children = (
				A42266811B12AA7A00D7F520 /* Base */,
			);
			name = LaunchScreen.xib;
			sourceTree = "<group>";
		};
/* End PBXVariantGroup section */

/* Begin XCBuildConfiguration section */
		A422668F1B12AA7A00D7F520 /* Debug */ = {
			isa = XCBuildConfiguration;
			buildSettings = {
				ALWAYS_SEARCH_USER_PATHS = NO;
				CLANG_CXX_LANGUAGE_STANDARD = "c++14";
				CLANG_CXX_LIBRARY = "libc++";
				CLANG_ENABLE_MODULES = YES;
				CLANG_ENABLE_OBJC_ARC = YES;
				CLANG_WARN_BOOL_CONVERSION = YES;
				CLANG_WARN_CONSTANT_CONVERSION = YES;
				CLANG_WARN_DIRECT_OBJC_ISA_USAGE = YES_ERROR;
				CLANG_WARN_EMPTY_BODY = YES;
				CLANG_WARN_ENUM_CONVERSION = YES;
				CLANG_WARN_INT_CONVERSION = YES;
				CLANG_WARN_OBJC_ROOT_CLASS = YES_ERROR;
				CLANG_WARN_UNREACHABLE_CODE = YES;
				CLANG_WARN__DUPLICATE_METHOD_MATCH = YES;
				"CODE_SIGN_IDENTITY[sdk=iphoneos*]" = "iPhone Developer";
				COPY_PHASE_STRIP = NO;
				DEBUG_INFORMATION_FORMAT = "dwarf-with-dsym";
				ENABLE_STRICT_OBJC_MSGSEND = YES;
				GCC_C_LANGUAGE_STANDARD = c11;
				GCC_DYNAMIC_NO_PIC = NO;
				GCC_NO_COMMON_BLOCKS = YES;
				GCC_OPTIMIZATION_LEVEL = 0;
				GCC_PREPROCESSOR_DEFINITIONS = (
					"DEBUG=1",
					"$(inherited)",
				);
				GCC_SYMBOLS_PRIVATE_EXTERN = NO;
				GCC_WARN_64_TO_32_BIT_CONVERSION = YES;
				GCC_WARN_ABOUT_RETURN_TYPE = YES_ERROR;
				GCC_WARN_UNDECLARED_SELECTOR = YES;
				GCC_WARN_UNINITIALIZED_AUTOS = YES_AGGRESSIVE;
				GCC_WARN_UNUSED_FUNCTION = YES;
				GCC_WARN_UNUSED_VARIABLE = YES;
				IPHONEOS_DEPLOYMENT_TARGET = 7.0;
				MTL_ENABLE_DEBUG_INFO = YES;
				ONLY_ACTIVE_ARCH = YES;
				SDKROOT = iphoneos;
				TARGETED_DEVICE_FAMILY = "1,2";
			};
			name = Debug;
		};
		A42266901B12AA7A00D7F520 /* Release */ = {
			isa = XCBuildConfiguration;
			buildSettings = {
				ALWAYS_SEARCH_USER_PATHS = NO;
				CLANG_CXX_LANGUAGE_STANDARD = "c++14";
				CLANG_CXX_LIBRARY = "libc++";
				CLANG_ENABLE_MODULES = YES;
				CLANG_ENABLE_OBJC_ARC = YES;
				CLANG_WARN_BOOL_CONVERSION = YES;
				CLANG_WARN_CONSTANT_CONVERSION = YES;
				CLANG_WARN_DIRECT_OBJC_ISA_USAGE = YES_ERROR;
				CLANG_WARN_EMPTY_BODY = YES;
				CLANG_WARN_ENUM_CONVERSION = YES;
				CLANG_WARN_INT_CONVERSION = YES;
				CLANG_WARN_OBJC_ROOT_CLASS = YES_ERROR;
				CLANG_WARN_UNREACHABLE_CODE = YES;
				CLANG_WARN__DUPLICATE_METHOD_MATCH = YES;
				"CODE_SIGN_IDENTITY[sdk=iphoneos*]" = "iPhone Developer";
				COPY_PHASE_STRIP = NO;
				DEBUG_INFORMATION_FORMAT = "dwarf-with-dsym";
				ENABLE_NS_ASSERTIONS = NO;
				ENABLE_STRICT_OBJC_MSGSEND = YES;
				GCC_C_LANGUAGE_STANDARD = c11;
				GCC_NO_COMMON_BLOCKS = YES;
				GCC_WARN_64_TO_32_BIT_CONVERSION = YES;
				GCC_WARN_ABOUT_RETURN_TYPE = YES_ERROR;
				GCC_WARN_UNDECLARED_SELECTOR = YES;
				GCC_WARN_UNINITIALIZED_AUTOS = YES_AGGRESSIVE;
				GCC_WARN_UNUSED_FUNCTION = YES;
				GCC_WARN_UNUSED_VARIABLE = YES;
				IPHONEOS_DEPLOYMENT_TARGET = 7.0;
				MTL_ENABLE_DEBUG_INFO = NO;
				SDKROOT = iphoneos;
				TARGETED_DEVICE_FAMILY = "1,2";
				VALIDATE_PRODUCT = YES;
			};
			name = Release;
		};
		A42266921B12AA7A00D7F520 /* Debug */ = {
			isa = XCBuildConfiguration;
			buildSettings = {
				ASSETCATALOG_COMPILER_APPICON_NAME = AppIcon;
				INFOPLIST_FILE = "Phantom of the West/Info.plist";
				LD_RUNPATH_SEARCH_PATHS = "$(inherited) @executable_path/Frameworks";
				PRODUCT_NAME = "$(TARGET_NAME)";
			};
			name = Debug;
		};
		A42266931B12AA7A00D7F520 /* Release */ = {
			isa = XCBuildConfiguration;
			buildSettings = {
				ASSETCATALOG_COMPILER_APPICON_NAME = AppIcon;
				INFOPLIST_FILE = "Phantom of the West/Info.plist";
				LD_RUNPATH_SEARCH_PATHS = "$(inherited) @executable_path/Frameworks";
				PRODUCT_NAME = "$(TARGET_NAME)";
			};
			name = Release;
		};
		A42266951B12AA7A00D7F520 /* Debug */ = {
			isa = XCBuildConfiguration;
			buildSettings = {
				BUNDLE_LOADER = "$(TEST_HOST)";
				FRAMEWORK_SEARCH_PATHS = (
					"$(SDKROOT)/Developer/Library/Frameworks",
					"$(inherited)",
				);
				GCC_PREPROCESSOR_DEFINITIONS = (
					"DEBUG=1",
					"$(inherited)",
				);
				INFOPLIST_FILE = "Phantom of the WestTests/Info.plist";
				LD_RUNPATH_SEARCH_PATHS = "$(inherited) @executable_path/Frameworks @loader_path/Frameworks";
				PRODUCT_NAME = "$(TARGET_NAME)";
				TEST_HOST = "$(BUILT_PRODUCTS_DIR)/Phantom of the West.app/Phantom of the West";
			};
			name = Debug;
		};
		A42266961B12AA7A00D7F520 /* Release */ = {
			isa = XCBuildConfiguration;
			buildSettings = {
				BUNDLE_LOADER = "$(TEST_HOST)";
				FRAMEWORK_SEARCH_PATHS = (
					"$(SDKROOT)/Developer/Library/Frameworks",
					"$(inherited)",
				);
				INFOPLIST_FILE = "Phantom of the WestTests/Info.plist";
				LD_RUNPATH_SEARCH_PATHS = "$(inherited) @executable_path/Frameworks @loader_path/Frameworks";
				PRODUCT_NAME = "$(TARGET_NAME)";
				TEST_HOST = "$(BUILT_PRODUCTS_DIR)/Phantom of the West.app/Phantom of the West";
			};
			name = Release;
		};
/* End XCBuildConfiguration section */

/* Begin XCConfigurationList section */
		A42266691B12AA7A00D7F520 /* Build configuration list for PBXProject "Phantom of the West" */ = {
			isa = XCConfigurationList;
			buildConfigurations = (
				A422668F1B12AA7A00D7F520 /* Debug */,
				A42266901B12AA7A00D7F520 /* Release */,
			);
			defaultConfigurationIsVisible = 0;
			defaultConfigurationName = Release;
		};
		A42266911B12AA7A00D7F520 /* Build configuration list for PBXNativeTarget "Phantom of the West" */ = {
			isa = XCConfigurationList;
			buildConfigurations = (
				A42266921B12AA7A00D7F520 /* Debug */,
				A42266931B12AA7A00D7F520 /* Release */,
			);
			defaultConfigurationIsVisible = 0;
			defaultConfigurationName = Release;
		};
		A42266941B12AA7A00D7F520 /* Build configuration list for PBXNativeTarget "Phantom of the WestTests" */ = {
			isa = XCConfigurationList;
			buildConfigurations = (
				A42266951B12AA7A00D7F520 /* Debug */,
				A42266961B12AA7A00D7F520 /* Release */,
			);
			defaultConfigurationIsVisible = 0;
			defaultConfigurationName = Release;
		};
/* End XCConfigurationList section */
	};
	rootObject = A42266661B12AA7A00D7F520 /* Project object */;
}
