// !$*UTF8*$!
{
	archiveVersion = 1;
	classes = {
	};
	objectVersion = 46;
	objects = {

/* Begin PBXBuildFile section */
		A43619C81B631405001534BD /* AppDelegate.swift in Sources */ = {isa = PBXBuildFile; fileRef = A43619C71B631405001534BD /* AppDelegate.swift */; };
		A43619CA1B631405001534BD /* MasterViewController.swift in Sources */ = {isa = PBXBuildFile; fileRef = A43619C91B631405001534BD /* MasterViewController.swift */; };
		A43619CC1B631405001534BD /* DetailViewController.swift in Sources */ = {isa = PBXBuildFile; fileRef = A43619CB1B631405001534BD /* DetailViewController.swift */; };
		A43619CF1B631405001534BD /* Main.storyboard in Resources */ = {isa = PBXBuildFile; fileRef = A43619CD1B631405001534BD /* Main.storyboard */; };
		A43619D11B631405001534BD /* Images.xcassets in Resources */ = {isa = PBXBuildFile; fileRef = A43619D01B631405001534BD /* Images.xcassets */; };
		A43619D41B631405001534BD /* LaunchScreen.xib in Resources */ = {isa = PBXBuildFile; fileRef = A43619D21B631405001534BD /* LaunchScreen.xib */; };
		A43619E01B631405001534BD /* Test_ProjectTests.swift in Sources */ = {isa = PBXBuildFile; fileRef = A43619DF1B631405001534BD /* Test_ProjectTests.swift */; };
/* End PBXBuildFile section */

/* Begin PBXContainerItemProxy section */
		A43619DA1B631405001534BD /* PBXContainerItemProxy */ = {
			isa = PBXContainerItemProxy;
			containerPortal = A43619BA1B631405001534BD /* Project object */;
			proxyType = 1;
			remoteGlobalIDString = A43619C11B631405001534BD;
			remoteInfo = "Test Project";
		};
/* End PBXContainerItemProxy section */

/* Begin PBXFileReference section */
		A43619C21B631405001534BD /* Test Project.app */ = {isa = PBXFileReference; explicitFileType = wrapper.application; includeInIndex = 0; path = "Test Project.app"; sourceTree = BUILT_PRODUCTS_DIR; };
		A43619C61B631405001534BD /* Info.plist */ = {isa = PBXFileReference; lastKnownFileType = text.plist.xml; path = Info.plist; sourceTree = "<group>"; };
		A43619C71B631405001534BD /* AppDelegate.swift */ = {isa = PBXFileReference; lastKnownFileType = sourcecode.swift; path = AppDelegate.swift; sourceTree = "<group>"; };
		A43619C91B631405001534BD /* MasterViewController.swift */ = {isa = PBXFileReference; lastKnownFileType = sourcecode.swift; path = MasterViewController.swift; sourceTree = "<group>"; };
		A43619CB1B631405001534BD /* DetailViewController.swift */ = {isa = PBXFileReference; lastKnownFileType = sourcecode.swift; path = DetailViewController.swift; sourceTree = "<group>"; };
		A43619CE1B631405001534BD /* Base */ = {isa = PBXFileReference; lastKnownFileType = file.storyboard; name = Base; path = Base.lproj/Main.storyboard; sourceTree = "<group>"; };
		A43619D01B631405001534BD /* Images.xcassets */ = {isa = PBXFileReference; lastKnownFileType = folder.assetcatalog; path = Images.xcassets; sourceTree = "<group>"; };
		A43619D31B631405001534BD /* Base */ = {isa = PBXFileReference; lastKnownFileType = file.xib; name = Base; path = Base.lproj/LaunchScreen.xib; sourceTree = "<group>"; };
		A43619D91B631405001534BD /* Test ProjectTests.xctest */ = {isa = PBXFileReference; explicitFileType = wrapper.cfbundle; includeInIndex = 0; path = "Test ProjectTests.xctest"; sourceTree = BUILT_PRODUCTS_DIR; };
		A43619DE1B631405001534BD /* Info.plist */ = {isa = PBXFileReference; lastKnownFileType = text.plist.xml; path = Info.plist; sourceTree = "<group>"; };
		A43619DF1B631405001534BD /* Test_ProjectTests.swift */ = {isa = PBXFileReference; lastKnownFileType = sourcecode.swift; path = Test_ProjectTests.swift; sourceTree = "<group>"; };
/* End PBXFileReference section */

/* Begin PBXFrameworksBuildPhase section */
		A43619BF1B631405001534BD /* Frameworks */ = {
			isa = PBXFrameworksBuildPhase;
			buildActionMask = 2147483647;
			files = (
			);
			runOnlyForDeploymentPostprocessing = 0;
		};
		A43619D61B631405001534BD /* Frameworks */ = {
			isa = PBXFrameworksBuildPhase;
			buildActionMask = 2147483647;
			files = (
			);
			runOnlyForDeploymentPostprocessing = 0;
		};
/* End PBXFrameworksBuildPhase section */

/* Begin PBXGroup section */
		A43619B91B631405001534BD = {
			isa = PBXGroup;
			children = (
				A43619C41B631405001534BD /* Test Project */,
				A43619DC1B631405001534BD /* Test ProjectTests */,
				A43619C31B631405001534BD /* Products */,
			);
			sourceTree = "<group>";
		};
		A43619C31B631405001534BD /* Products */ = {
			isa = PBXGroup;
			children = (
				A43619C21B631405001534BD /* Test Project.app */,
				A43619D91B631405001534BD /* Test ProjectTests.xctest */,
			);
			name = Products;
			sourceTree = "<group>";
		};
		A43619C41B631405001534BD /* Test Project */ = {
			isa = PBXGroup;
			children = (
				A43619C71B631405001534BD /* AppDelegate.swift */,
				A43619C91B631405001534BD /* MasterViewController.swift */,
				A43619CB1B631405001534BD /* DetailViewController.swift */,
				A43619CD1B631405001534BD /* Main.storyboard */,
				A43619D01B631405001534BD /* Images.xcassets */,
				A43619D21B631405001534BD /* LaunchScreen.xib */,
				A43619C51B631405001534BD /* Supporting Files */,
			);
			path = "Test Project";
			sourceTree = "<group>";
		};
		A43619C51B631405001534BD /* Supporting Files */ = {
			isa = PBXGroup;
			children = (
				A43619C61B631405001534BD /* Info.plist */,
			);
			name = "Supporting Files";
			sourceTree = "<group>";
		};
		A43619DC1B631405001534BD /* Test ProjectTests */ = {
			isa = PBXGroup;
			children = (
				A43619DF1B631405001534BD /* Test_ProjectTests.swift */,
				A43619DD1B631405001534BD /* Supporting Files */,
			);
			path = "Test ProjectTests";
			sourceTree = "<group>";
		};
		A43619DD1B631405001534BD /* Supporting Files */ = {
			isa = PBXGroup;
			children = (
				A43619DE1B631405001534BD /* Info.plist */,
			);
			name = "Supporting Files";
			sourceTree = "<group>";
		};
/* End PBXGroup section */

/* Begin PBXNativeTarget section */
		A43619C11B631405001534BD /* Test Project */ = {
			isa = PBXNativeTarget;
			buildConfigurationList = A43619E31B631405001534BD /* Build configuration list for PBXNativeTarget "Test Project" */;
			buildPhases = (
				A43619BE1B631405001534BD /* Sources */,
				A43619BF1B631405001534BD /* Frameworks */,
				A43619C01B631405001534BD /* Resources */,
			);
			buildRules = (
			);
			dependencies = (
			);
			name = "Test Project";
			productName = "Test Project";
			productReference = A43619C21B631405001534BD /* Test Project.app */;
			productType = "com.apple.product-type.application";
		};
		A43619D81B631405001534BD /* Test ProjectTests */ = {
			isa = PBXNativeTarget;
			buildConfigurationList = A43619E61B631405001534BD /* Build configuration list for PBXNativeTarget "Test ProjectTests" */;
			buildPhases = (
				A43619D51B631405001534BD /* Sources */,
				A43619D61B631405001534BD /* Frameworks */,
				A43619D71B631405001534BD /* Resources */,
			);
			buildRules = (
			);
			dependencies = (
				A43619DB1B631405001534BD /* PBXTargetDependency */,
			);
			name = "Test ProjectTests";
			productName = "Test ProjectTests";
			productReference = A43619D91B631405001534BD /* Test ProjectTests.xctest */;
			productType = "com.apple.product-type.bundle.unit-test";
		};
/* End PBXNativeTarget section */

/* Begin PBXProject section */
		A43619BA1B631405001534BD /* Project object */ = {
			isa = PBXProject;
			attributes = {
				LastUpgradeCheck = 0640;
				ORGANIZATIONNAME = "Christopher Raleigh";
				TargetAttributes = {
					A43619C11B631405001534BD = {
						CreatedOnToolsVersion = 6.4;
					};
					A43619D81B631405001534BD = {
						CreatedOnToolsVersion = 6.4;
						TestTargetID = A43619C11B631405001534BD;
					};
				};
			};
			buildConfigurationList = A43619BD1B631405001534BD /* Build configuration list for PBXProject "Test Project" */;
			compatibilityVersion = "Xcode 3.2";
			developmentRegion = English;
			hasScannedForEncodings = 0;
			knownRegions = (
				en,
				Base,
			);
			mainGroup = A43619B91B631405001534BD;
			productRefGroup = A43619C31B631405001534BD /* Products */;
			projectDirPath = "";
			projectRoot = "";
			targets = (
				A43619C11B631405001534BD /* Test Project */,
				A43619D81B631405001534BD /* Test ProjectTests */,
			);
		};
/* End PBXProject section */

/* Begin PBXResourcesBuildPhase section */
		A43619C01B631405001534BD /* Resources */ = {
			isa = PBXResourcesBuildPhase;
			buildActionMask = 2147483647;
			files = (
				A43619CF1B631405001534BD /* Main.storyboard in Resources */,
				A43619D41B631405001534BD /* LaunchScreen.xib in Resources */,
				A43619D11B631405001534BD /* Images.xcassets in Resources */,
			);
			runOnlyForDeploymentPostprocessing = 0;
		};
		A43619D71B631405001534BD /* Resources */ = {
			isa = PBXResourcesBuildPhase;
			buildActionMask = 2147483647;
			files = (
			);
			runOnlyForDeploymentPostprocessing = 0;
		};
/* End PBXResourcesBuildPhase section */

/* Begin PBXSourcesBuildPhase section */
		A43619BE1B631405001534BD /* Sources */ = {
			isa = PBXSourcesBuildPhase;
			buildActionMask = 2147483647;
			files = (
				A43619CC1B631405001534BD /* DetailViewController.swift in Sources */,
				A43619CA1B631405001534BD /* MasterViewController.swift in Sources */,
				A43619C81B631405001534BD /* AppDelegate.swift in Sources */,
			);
			runOnlyForDeploymentPostprocessing = 0;
		};
		A43619D51B631405001534BD /* Sources */ = {
			isa = PBXSourcesBuildPhase;
			buildActionMask = 2147483647;
			files = (
				A43619E01B631405001534BD /* Test_ProjectTests.swift in Sources */,
			);
			runOnlyForDeploymentPostprocessing = 0;
		};
/* End PBXSourcesBuildPhase section */

/* Begin PBXTargetDependency section */
		A43619DB1B631405001534BD /* PBXTargetDependency */ = {
			isa = PBXTargetDependency;
			target = A43619C11B631405001534BD /* Test Project */;
			targetProxy = A43619DA1B631405001534BD /* PBXContainerItemProxy */;
		};
/* End PBXTargetDependency section */

/* Begin PBXVariantGroup section */
		A43619CD1B631405001534BD /* Main.storyboard */ = {
			isa = PBXVariantGroup;
			children = (
				A43619CE1B631405001534BD /* Base */,
			);
			name = Main.storyboard;
			sourceTree = "<group>";
		};
		A43619D21B631405001534BD /* LaunchScreen.xib */ = {
			isa = PBXVariantGroup;
			children = (
				A43619D31B631405001534BD /* Base */,
			);
			name = LaunchScreen.xib;
			sourceTree = "<group>";
		};
/* End PBXVariantGroup section */

/* Begin XCBuildConfiguration section */
		A43619E11B631405001534BD /* Debug */ = {
			isa = XCBuildConfiguration;
			buildSettings = {
				ALWAYS_SEARCH_USER_PATHS = NO;
				CLANG_CXX_LANGUAGE_STANDARD = "gnu++0x";
				CLANG_CXX_LIBRARY = "libc++";
				CLANG_ENABLE_MODULES = YES;
				CLANG_ENABLE_OBJC_ARC = YES;
				CLANG_WARN_BOOL_CONVERSION = YES;
				CLANG_WARN_CONSTANT_CONVERSION = YES;
				CLANG_WARN_DIRECT_OBJC_ISA_USAGE = YES_ERROR;
				CLANG_WARN_EMPTY_BODY = YES;
				CLANG_WARN_ENUM_CONVERSION = YES;
				CLANG_WARN_INT_CONVERSION = YES;
				CLANG_WARN_OBJC_ROOT_CLASS = YES_ERROR;
				CLANG_WARN_UNREACHABLE_CODE = YES;
				CLANG_WARN__DUPLICATE_METHOD_MATCH = YES;
				"CODE_SIGN_IDENTITY[sdk=iphoneos*]" = "iPhone Developer";
				COPY_PHASE_STRIP = NO;
				DEBUG_INFORMATION_FORMAT = "dwarf-with-dsym";
				ENABLE_STRICT_OBJC_MSGSEND = YES;
				GCC_C_LANGUAGE_STANDARD = gnu99;
				GCC_DYNAMIC_NO_PIC = NO;
				GCC_NO_COMMON_BLOCKS = YES;
				GCC_OPTIMIZATION_LEVEL = 0;
				GCC_PREPROCESSOR_DEFINITIONS = (
					"DEBUG=1",
					"$(inherited)",
				);
				GCC_SYMBOLS_PRIVATE_EXTERN = NO;
				GCC_WARN_64_TO_32_BIT_CONVERSION = YES;
				GCC_WARN_ABOUT_RETURN_TYPE = YES_ERROR;
				GCC_WARN_UNDECLARED_SELECTOR = YES;
				GCC_WARN_UNINITIALIZED_AUTOS = YES_AGGRESSIVE;
				GCC_WARN_UNUSED_FUNCTION = YES;
				GCC_WARN_UNUSED_VARIABLE = YES;
				IPHONEOS_DEPLOYMENT_TARGET = 8.4;
				MTL_ENABLE_DEBUG_INFO = YES;
				ONLY_ACTIVE_ARCH = YES;
				SDKROOT = iphoneos;
				SWIFT_OPTIMIZATION_LEVEL = "-Onone";
				TARGETED_DEVICE_FAMILY = "1,2";
			};
			name = Debug;
		};
		A43619E21B631405001534BD /* Release */ = {
			isa = XCBuildConfiguration;
			buildSettings = {
				ALWAYS_SEARCH_USER_PATHS = NO;
				CLANG_CXX_LANGUAGE_STANDARD = "gnu++0x";
				CLANG_CXX_LIBRARY = "libc++";
				CLANG_ENABLE_MODULES = YES;
				CLANG_ENABLE_OBJC_ARC = YES;
				CLANG_WARN_BOOL_CONVERSION = YES;
				CLANG_WARN_CONSTANT_CONVERSION = YES;
				CLANG_WARN_DIRECT_OBJC_ISA_USAGE = YES_ERROR;
				CLANG_WARN_EMPTY_BODY = YES;
				CLANG_WARN_ENUM_CONVERSION = YES;
				CLANG_WARN_INT_CONVERSION = YES;
				CLANG_WARN_OBJC_ROOT_CLASS = YES_ERROR;
				CLANG_WARN_UNREACHABLE_CODE = YES;
				CLANG_WARN__DUPLICATE_METHOD_MATCH = YES;
				"CODE_SIGN_IDENTITY[sdk=iphoneos*]" = "iPhone Developer";
				COPY_PHASE_STRIP = NO;
				DEBUG_INFORMATION_FORMAT = "dwarf-with-dsym";
				ENABLE_NS_ASSERTIONS = NO;
				ENABLE_STRICT_OBJC_MSGSEND = YES;
				GCC_C_LANGUAGE_STANDARD = gnu99;
				GCC_NO_COMMON_BLOCKS = YES;
				GCC_WARN_64_TO_32_BIT_CONVERSION = YES;
				GCC_WARN_ABOUT_RETURN_TYPE = YES_ERROR;
				GCC_WARN_UNDECLARED_SELECTOR = YES;
				GCC_WARN_UNINITIALIZED_AUTOS = YES_AGGRESSIVE;
				GCC_WARN_UNUSED_FUNCTION = YES;
				GCC_WARN_UNUSED_VARIABLE = YES;
				IPHONEOS_DEPLOYMENT_TARGET = 8.4;
				MTL_ENABLE_DEBUG_INFO = NO;
				SDKROOT = iphoneos;
				TARGETED_DEVICE_FAMILY = "1,2";
				VALIDATE_PRODUCT = YES;
			};
			name = Release;
		};
		A43619E41B631405001534BD /* Debug */ = {
			isa = XCBuildConfiguration;
			buildSettings = {
				ASSETCATALOG_COMPILER_APPICON_NAME = AppIcon;
				INFOPLIST_FILE = "Test Project/Info.plist";
				LD_RUNPATH_SEARCH_PATHS = "$(inherited) @executable_path/Frameworks";
				PRODUCT_NAME = "$(TARGET_NAME)";
			};
			name = Debug;
		};
		A43619E51B631405001534BD /* Release */ = {
			isa = XCBuildConfiguration;
			buildSettings = {
				ASSETCATALOG_COMPILER_APPICON_NAME = AppIcon;
				INFOPLIST_FILE = "Test Project/Info.plist";
				LD_RUNPATH_SEARCH_PATHS = "$(inherited) @executable_path/Frameworks";
				PRODUCT_NAME = "$(TARGET_NAME)";
			};
			name = Release;
		};
		A43619E71B631405001534BD /* Debug */ = {
			isa = XCBuildConfiguration;
			buildSettings = {
				BUNDLE_LOADER = "$(TEST_HOST)";
				FRAMEWORK_SEARCH_PATHS = (
					"$(SDKROOT)/Developer/Library/Frameworks",
					"$(inherited)",
				);
				GCC_PREPROCESSOR_DEFINITIONS = (
					"DEBUG=1",
					"$(inherited)",
				);
				INFOPLIST_FILE = "Test ProjectTests/Info.plist";
				LD_RUNPATH_SEARCH_PATHS = "$(inherited) @executable_path/Frameworks @loader_path/Frameworks";
				PRODUCT_NAME = "$(TARGET_NAME)";
				TEST_HOST = "$(BUILT_PRODUCTS_DIR)/Test Project.app/Test Project";
			};
			name = Debug;
		};
		A43619E81B631405001534BD /* Release */ = {
			isa = XCBuildConfiguration;
			buildSettings = {
				BUNDLE_LOADER = "$(TEST_HOST)";
				FRAMEWORK_SEARCH_PATHS = (
					"$(SDKROOT)/Developer/Library/Frameworks",
					"$(inherited)",
				);
				INFOPLIST_FILE = "Test ProjectTests/Info.plist";
				LD_RUNPATH_SEARCH_PATHS = "$(inherited) @executable_path/Frameworks @loader_path/Frameworks";
				PRODUCT_NAME = "$(TARGET_NAME)";
				TEST_HOST = "$(BUILT_PRODUCTS_DIR)/Test Project.app/Test Project";
			};
			name = Release;
		};
/* End XCBuildConfiguration section */

/* Begin XCConfigurationList section */
		A43619BD1B631405001534BD /* Build configuration list for PBXProject "Test Project" */ = {
			isa = XCConfigurationList;
			buildConfigurations = (
				A43619E11B631405001534BD /* Debug */,
				A43619E21B631405001534BD /* Release */,
			);
			defaultConfigurationIsVisible = 0;
			defaultConfigurationName = Release;
		};
		A43619E31B631405001534BD /* Build configuration list for PBXNativeTarget "Test Project" */ = {
			isa = XCConfigurationList;
			buildConfigurations = (
				A43619E41B631405001534BD /* Debug */,
				A43619E51B631405001534BD /* Release */,
			);
			defaultConfigurationIsVisible = 0;
		};
		A43619E61B631405001534BD /* Build configuration list for PBXNativeTarget "Test ProjectTests" */ = {
			isa = XCConfigurationList;
			buildConfigurations = (
				A43619E71B631405001534BD /* Debug */,
				A43619E81B631405001534BD /* Release */,
			);
			defaultConfigurationIsVisible = 0;
		};
/* End XCConfigurationList section */
	};
	rootObject = A43619BA1B631405001534BD /* Project object */;
}
